{
  "pins" : [
    {
      "identity" : "flapperlayout",
      "kind" : "remoteSourceControl",
      "location" : "https://github.com/Flapper-Kor/FlapperLayout.git",
      "state" : {
        "revision" : "cf67a262caded3979ca56c24c97acd8a802c1aac",
        "version" : "0.0.11"
      }
    }
  ],
  "version" : 2
}
