// !$*UTF8*$!
{
	archiveVersion = 1;
	classes = {
	};
	objectVersion = 56;
	objects = {

/* Begin PBXBuildFile section */
		1B4B65182A25FCEE009C6BB1 /* TEST_SwiftUIApp.swift in Sources */ = {isa = PBXBuildFile; fileRef = 1B4B65172A25FCEE009C6BB1 /* TEST_SwiftUIApp.swift */; };
		1B4B651A2A25FCEE009C6BB1 /* ContentView.swift in Sources */ = {isa = PBXBuildFile; fileRef = 1B4B65192A25FCEE009C6BB1 /* ContentView.swift */; };
		1B4B651C2A25FCEF009C6BB1 /* Assets.xcassets in Resources */ = {isa = PBXBuildFile; fileRef = 1B4B651B2A25FCEF009C6BB1 /* Assets.xcassets */; };
		1B4B651F2A25FCEF009C6BB1 /* Preview Assets.xcassets in Resources */ = {isa = PBXBuildFile; fileRef = 1B4B651E2A25FCEF009C6BB1 /* Preview Assets.xcassets */; };
		1B4B65292A25FCEF009C6BB1 /* TEST_SwiftUITests.swift in Sources */ = {isa = PBXBuildFile; fileRef = 1B4B65282A25FCEF009C6BB1 /* TEST_SwiftUITests.swift */; };
		1B4B65332A25FCEF009C6BB1 /* TEST_SwiftUIUITests.swift in Sources */ = {isa = PBXBuildFile; fileRef = 1B4B65322A25FCEF009C6BB1 /* TEST_SwiftUIUITests.swift */; };
		1B4B65352A25FCEF009C6BB1 /* TEST_SwiftUIUITestsLaunchTests.swift in Sources */ = {isa = PBXBuildFile; fileRef = 1B4B65342A25FCEF009C6BB1 /* TEST_SwiftUIUITestsLaunchTests.swift */; };
/* End PBXBuildFile section */

/* Begin PBXContainerItemProxy section */
		1B4B65252A25FCEF009C6BB1 /* PBXContainerItemProxy */ = {
			isa = PBXContainerItemProxy;
			containerPortal = 1B4B650C2A25FCEE009C6BB1 /* Project object */;
			proxyType = 1;
			remoteGlobalIDString = 1B4B65132A25FCEE009C6BB1;
			remoteInfo = TEST_SwiftUI;
		};
		1B4B652F2A25FCEF009C6BB1 /* PBXContainerItemProxy */ = {
			isa = PBXContainerItemProxy;
			containerPortal = 1B4B650C2A25FCEE009C6BB1 /* Project object */;
			proxyType = 1;
			remoteGlobalIDString = 1B4B65132A25FCEE009C6BB1;
			remoteInfo = TEST_SwiftUI;
		};
/* End PBXContainerItemProxy section */

/* Begin PBXFileReference section */
		1B4B65142A25FCEE009C6BB1 /* TEST_SwiftUI.app */ = {isa = PBXFileReference; explicitFileType = wrapper.application; includeInIndex = 0; path = TEST_SwiftUI.app; sourceTree = BUILT_PRODUCTS_DIR; };
		1B4B65172A25FCEE009C6BB1 /* TEST_SwiftUIApp.swift */ = {isa = PBXFileReference; lastKnownFileType = sourcecode.swift; path = TEST_SwiftUIApp.swift; sourceTree = "<group>"; };
		1B4B65192A25FCEE009C6BB1 /* ContentView.swift */ = {isa = PBXFileReference; lastKnownFileType = sourcecode.swift; path = ContentView.swift; sourceTree = "<group>"; };
		1B4B651B2A25FCEF009C6BB1 /* Assets.xcassets */ = {isa = PBXFileReference; lastKnownFileType = folder.assetcatalog; path = Assets.xcassets; sourceTree = "<group>"; };
		1B4B651E2A25FCEF009C6BB1 /* Preview Assets.xcassets */ = {isa = PBXFileReference; lastKnownFileType = folder.assetcatalog; path = "Preview Assets.xcassets"; sourceTree = "<group>"; };
		1B4B65242A25FCEF009C6BB1 /* TEST_SwiftUITests.xctest */ = {isa = PBXFileReference; explicitFileType = wrapper.cfbundle; includeInIndex = 0; path = TEST_SwiftUITests.xctest; sourceTree = BUILT_PRODUCTS_DIR; };
		1B4B65282A25FCEF009C6BB1 /* TEST_SwiftUITests.swift */ = {isa = PBXFileReference; lastKnownFileType = sourcecode.swift; path = TEST_SwiftUITests.swift; sourceTree = "<group>"; };
		1B4B652E2A25FCEF009C6BB1 /* TEST_SwiftUIUITests.xctest */ = {isa = PBXFileReference; explicitFileType = wrapper.cfbundle; includeInIndex = 0; path = TEST_SwiftUIUITests.xctest; sourceTree = BUILT_PRODUCTS_DIR; };
		1B4B65322A25FCEF009C6BB1 /* TEST_SwiftUIUITests.swift */ = {isa = PBXFileReference; lastKnownFileType = sourcecode.swift; path = TEST_SwiftUIUITests.swift; sourceTree = "<group>"; };
		1B4B65342A25FCEF009C6BB1 /* TEST_SwiftUIUITestsLaunchTests.swift */ = {isa = PBXFileReference; lastKnownFileType = sourcecode.swift; path = TEST_SwiftUIUITestsLaunchTests.swift; sourceTree = "<group>"; };
/* End PBXFileReference section */

/* Begin PBXFrameworksBuildPhase section */
		1B4B65112A25FCEE009C6BB1 /* Frameworks */ = {
			isa = PBXFrameworksBuildPhase;
			buildActionMask = 2147483647;
			files = (
			);
			runOnlyForDeploymentPostprocessing = 0;
		};
		1B4B65212A25FCEF009C6BB1 /* Frameworks */ = {
			isa = PBXFrameworksBuildPhase;
			buildActionMask = 2147483647;
			files = (
			);
			runOnlyForDeploymentPostprocessing = 0;
		};
		1B4B652B2A25FCEF009C6BB1 /* Frameworks */ = {
			isa = PBXFrameworksBuildPhase;
			buildActionMask = 2147483647;
			files = (
			);
			runOnlyForDeploymentPostprocessing = 0;
		};
/* End PBXFrameworksBuildPhase section */

/* Begin PBXGroup section */
		1B4B650B2A25FCEE009C6BB1 = {
			isa = PBXGroup;
			children = (
				1B4B65162A25FCEE009C6BB1 /* TEST_SwiftUI */,
				1B4B65272A25FCEF009C6BB1 /* TEST_SwiftUITests */,
				1B4B65312A25FCEF009C6BB1 /* TEST_SwiftUIUITests */,
				1B4B65152A25FCEE009C6BB1 /* Products */,
			);
			sourceTree = "<group>";
		};
		1B4B65152A25FCEE009C6BB1 /* Products */ = {
			isa = PBXGroup;
			children = (
				1B4B65142A25FCEE009C6BB1 /* TEST_SwiftUI.app */,
				1B4B65242A25FCEF009C6BB1 /* TEST_SwiftUITests.xctest */,
				1B4B652E2A25FCEF009C6BB1 /* TEST_SwiftUIUITests.xctest */,
			);
			name = Products;
			sourceTree = "<group>";
		};
		1B4B65162A25FCEE009C6BB1 /* TEST_SwiftUI */ = {
			isa = PBXGroup;
			children = (
				1B4B65172A25FCEE009C6BB1 /* TEST_SwiftUIApp.swift */,
				1B4B65192A25FCEE009C6BB1 /* ContentView.swift */,
				1B4B651B2A25FCEF009C6BB1 /* Assets.xcassets */,
				1B4B651D2A25FCEF009C6BB1 /* Preview Content */,
			);
			path = TEST_SwiftUI;
			sourceTree = "<group>";
		};
		1B4B651D2A25FCEF009C6BB1 /* Preview Content */ = {
			isa = PBXGroup;
			children = (
				1B4B651E2A25FCEF009C6BB1 /* Preview Assets.xcassets */,
			);
			path = "Preview Content";
			sourceTree = "<group>";
		};
		1B4B65272A25FCEF009C6BB1 /* TEST_SwiftUITests */ = {
			isa = PBXGroup;
			children = (
				1B4B65282A25FCEF009C6BB1 /* TEST_SwiftUITests.swift */,
			);
			path = TEST_SwiftUITests;
			sourceTree = "<group>";
		};
		1B4B65312A25FCEF009C6BB1 /* TEST_SwiftUIUITests */ = {
			isa = PBXGroup;
			children = (
				1B4B65322A25FCEF009C6BB1 /* TEST_SwiftUIUITests.swift */,
				1B4B65342A25FCEF009C6BB1 /* TEST_SwiftUIUITestsLaunchTests.swift */,
			);
			path = TEST_SwiftUIUITests;
			sourceTree = "<group>";
		};
/* End PBXGroup section */

/* Begin PBXNativeTarget section */
		1B4B65132A25FCEE009C6BB1 /* TEST_SwiftUI */ = {
			isa = PBXNativeTarget;
			buildConfigurationList = 1B4B65382A25FCEF009C6BB1 /* Build configuration list for PBXNativeTarget "TEST_SwiftUI" */;
			buildPhases = (
				1B4B65102A25FCEE009C6BB1 /* Sources */,
				1B4B65112A25FCEE009C6BB1 /* Frameworks */,
				1B4B65122A25FCEE009C6BB1 /* Resources */,
			);
			buildRules = (
			);
			dependencies = (
			);
			name = TEST_SwiftUI;
			productName = TEST_SwiftUI;
			productReference = 1B4B65142A25FCEE009C6BB1 /* TEST_SwiftUI.app */;
			productType = "com.apple.product-type.application";
		};
		1B4B65232A25FCEF009C6BB1 /* TEST_SwiftUITests */ = {
			isa = PBXNativeTarget;
			buildConfigurationList = 1B4B653B2A25FCEF009C6BB1 /* Build configuration list for PBXNativeTarget "TEST_SwiftUITests" */;
			buildPhases = (
				1B4B65202A25FCEF009C6BB1 /* Sources */,
				1B4B65212A25FCEF009C6BB1 /* Frameworks */,
				1B4B65222A25FCEF009C6BB1 /* Resources */,
			);
			buildRules = (
			);
			dependencies = (
				1B4B65262A25FCEF009C6BB1 /* PBXTargetDependency */,
			);
			name = TEST_SwiftUITests;
			productName = TEST_SwiftUITests;
			productReference = 1B4B65242A25FCEF009C6BB1 /* TEST_SwiftUITests.xctest */;
			productType = "com.apple.product-type.bundle.unit-test";
		};
		1B4B652D2A25FCEF009C6BB1 /* TEST_SwiftUIUITests */ = {
			isa = PBXNativeTarget;
			buildConfigurationList = 1B4B653E2A25FCEF009C6BB1 /* Build configuration list for PBXNativeTarget "TEST_SwiftUIUITests" */;
			buildPhases = (
				1B4B652A2A25FCEF009C6BB1 /* Sources */,
				1B4B652B2A25FCEF009C6BB1 /* Frameworks */,
				1B4B652C2A25FCEF009C6BB1 /* Resources */,
			);
			buildRules = (
			);
			dependencies = (
				1B4B65302A25FCEF009C6BB1 /* PBXTargetDependency */,
			);
			name = TEST_SwiftUIUITests;
			productName = TEST_SwiftUIUITests;
			productReference = 1B4B652E2A25FCEF009C6BB1 /* TEST_SwiftUIUITests.xctest */;
			productType = "com.apple.product-type.bundle.ui-testing";
		};
/* End PBXNativeTarget section */

/* Begin PBXProject section */
		1B4B650C2A25FCEE009C6BB1 /* Project object */ = {
			isa = PBXProject;
			attributes = {
				BuildIndependentTargetsInParallel = 1;
				LastSwiftUpdateCheck = 1430;
				LastUpgradeCheck = 1430;
				TargetAttributes = {
					1B4B65132A25FCEE009C6BB1 = {
						CreatedOnToolsVersion = 14.3;
					};
					1B4B65232A25FCEF009C6BB1 = {
						CreatedOnToolsVersion = 14.3;
						TestTargetID = 1B4B65132A25FCEE009C6BB1;
					};
					1B4B652D2A25FCEF009C6BB1 = {
						CreatedOnToolsVersion = 14.3;
						TestTargetID = 1B4B65132A25FCEE009C6BB1;
					};
				};
			};
			buildConfigurationList = 1B4B650F2A25FCEE009C6BB1 /* Build configuration list for PBXProject "TEST_SwiftUI" */;
			compatibilityVersion = "Xcode 14.0";
			developmentRegion = en;
			hasScannedForEncodings = 0;
			knownRegions = (
				en,
				Base,
			);
			mainGroup = 1B4B650B2A25FCEE009C6BB1;
			productRefGroup = 1B4B65152A25FCEE009C6BB1 /* Products */;
			projectDirPath = "";
			projectRoot = "";
			targets = (
				1B4B65132A25FCEE009C6BB1 /* TEST_SwiftUI */,
				1B4B65232A25FCEF009C6BB1 /* TEST_SwiftUITests */,
				1B4B652D2A25FCEF009C6BB1 /* TEST_SwiftUIUITests */,
			);
		};
/* End PBXProject section */

/* Begin PBXResourcesBuildPhase section */
		1B4B65122A25FCEE009C6BB1 /* Resources */ = {
			isa = PBXResourcesBuildPhase;
			buildActionMask = 2147483647;
			files = (
				1B4B651F2A25FCEF009C6BB1 /* Preview Assets.xcassets in Resources */,
				1B4B651C2A25FCEF009C6BB1 /* Assets.xcassets in Resources */,
			);
			runOnlyForDeploymentPostprocessing = 0;
		};
		1B4B65222A25FCEF009C6BB1 /* Resources */ = {
			isa = PBXResourcesBuildPhase;
			buildActionMask = 2147483647;
			files = (
			);
			runOnlyForDeploymentPostprocessing = 0;
		};
		1B4B652C2A25FCEF009C6BB1 /* Resources */ = {
			isa = PBXResourcesBuildPhase;
			buildActionMask = 2147483647;
			files = (
			);
			runOnlyForDeploymentPostprocessing = 0;
		};
/* End PBXResourcesBuildPhase section */

/* Begin PBXSourcesBuildPhase section */
		1B4B65102A25FCEE009C6BB1 /* Sources */ = {
			isa = PBXSourcesBuildPhase;
			buildActionMask = 2147483647;
			files = (
				1B4B651A2A25FCEE009C6BB1 /* ContentView.swift in Sources */,
				1B4B65182A25FCEE009C6BB1 /* TEST_SwiftUIApp.swift in Sources */,
			);
			runOnlyForDeploymentPostprocessing = 0;
		};
		1B4B65202A25FCEF009C6BB1 /* Sources */ = {
			isa = PBXSourcesBuildPhase;
			buildActionMask = 2147483647;
			files = (
				1B4B65292A25FCEF009C6BB1 /* TEST_SwiftUITests.swift in Sources */,
			);
			runOnlyForDeploymentPostprocessing = 0;
		};
		1B4B652A2A25FCEF009C6BB1 /* Sources */ = {
			isa = PBXSourcesBuildPhase;
			buildActionMask = 2147483647;
			files = (
				1B4B65352A25FCEF009C6BB1 /* TEST_SwiftUIUITestsLaunchTests.swift in Sources */,
				1B4B65332A25FCEF009C6BB1 /* TEST_SwiftUIUITests.swift in Sources */,
			);
			runOnlyForDeploymentPostprocessing = 0;
		};
/* End PBXSourcesBuildPhase section */

/* Begin PBXTargetDependency section */
		1B4B65262A25FCEF009C6BB1 /* PBXTargetDependency */ = {
			isa = PBXTargetDependency;
			target = 1B4B65132A25FCEE009C6BB1 /* TEST_SwiftUI */;
			targetProxy = 1B4B65252A25FCEF009C6BB1 /* PBXContainerItemProxy */;
		};
		1B4B65302A25FCEF009C6BB1 /* PBXTargetDependency */ = {
			isa = PBXTargetDependency;
			target = 1B4B65132A25FCEE009C6BB1 /* TEST_SwiftUI */;
			targetProxy = 1B4B652F2A25FCEF009C6BB1 /* PBXContainerItemProxy */;
		};
/* End PBXTargetDependency section */

/* Begin XCBuildConfiguration section */
		1B4B65362A25FCEF009C6BB1 /* Debug */ = {
			isa = XCBuildConfiguration;
			buildSettings = {
				ALWAYS_SEARCH_USER_PATHS = NO;
				CLANG_ANALYZER_NONNULL = YES;
				CLANG_ANALYZER_NUMBER_OBJECT_CONVERSION = YES_AGGRESSIVE;
				CLANG_CXX_LANGUAGE_STANDARD = "gnu++20";
				CLANG_ENABLE_MODULES = YES;
				CLANG_ENABLE_OBJC_ARC = YES;
				CLANG_ENABLE_OBJC_WEAK = YES;
				CLANG_WARN_BLOCK_CAPTURE_AUTORELEASING = YES;
				CLANG_WARN_BOOL_CONVERSION = YES;
				CLANG_WARN_COMMA = YES;
				CLANG_WARN_CONSTANT_CONVERSION = YES;
				CLANG_WARN_DEPRECATED_OBJC_IMPLEMENTATIONS = YES;
				CLANG_WARN_DIRECT_OBJC_ISA_USAGE = YES_ERROR;
				CLANG_WARN_DOCUMENTATION_COMMENTS = YES;
				CLANG_WARN_EMPTY_BODY = YES;
				CLANG_WARN_ENUM_CONVERSION = YES;
				CLANG_WARN_INFINITE_RECURSION = YES;
				CLANG_WARN_INT_CONVERSION = YES;
				CLANG_WARN_NON_LITERAL_NULL_CONVERSION = YES;
				CLANG_WARN_OBJC_IMPLICIT_RETAIN_SELF = YES;
				CLANG_WARN_OBJC_LITERAL_CONVERSION = YES;
				CLANG_WARN_OBJC_ROOT_CLASS = YES_ERROR;
				CLANG_WARN_QUOTED_INCLUDE_IN_FRAMEWORK_HEADER = YES;
				CLANG_WARN_RANGE_LOOP_ANALYSIS = YES;
				CLANG_WARN_STRICT_PROTOTYPES = YES;
				CLANG_WARN_SUSPICIOUS_MOVE = YES;
				CLANG_WARN_UNGUARDED_AVAILABILITY = YES_AGGRESSIVE;
				CLANG_WARN_UNREACHABLE_CODE = YES;
				CLANG_WARN__DUPLICATE_METHOD_MATCH = YES;
				COPY_PHASE_STRIP = NO;
				DEBUG_INFORMATION_FORMAT = dwarf;
				ENABLE_STRICT_OBJC_MSGSEND = YES;
				ENABLE_TESTABILITY = YES;
				GCC_C_LANGUAGE_STANDARD = gnu11;
				GCC_DYNAMIC_NO_PIC = NO;
				GCC_NO_COMMON_BLOCKS = YES;
				GCC_OPTIMIZATION_LEVEL = 0;
				GCC_PREPROCESSOR_DEFINITIONS = (
					"DEBUG=1",
					"$(inherited)",
				);
				GCC_WARN_64_TO_32_BIT_CONVERSION = YES;
				GCC_WARN_ABOUT_RETURN_TYPE = YES_ERROR;
				GCC_WARN_UNDECLARED_SELECTOR = YES;
				GCC_WARN_UNINITIALIZED_AUTOS = YES_AGGRESSIVE;
				GCC_WARN_UNUSED_FUNCTION = YES;
				GCC_WARN_UNUSED_VARIABLE = YES;
				IPHONEOS_DEPLOYMENT_TARGET = 16.4;
				MTL_ENABLE_DEBUG_INFO = INCLUDE_SOURCE;
				MTL_FAST_MATH = YES;
				ONLY_ACTIVE_ARCH = YES;
				SDKROOT = iphoneos;
				SWIFT_ACTIVE_COMPILATION_CONDITIONS = DEBUG;
				SWIFT_OPTIMIZATION_LEVEL = "-Onone";
			};
			name = Debug;
		};
		1B4B65372A25FCEF009C6BB1 /* Release */ = {
			isa = XCBuildConfiguration;
			buildSettings = {
				ALWAYS_SEARCH_USER_PATHS = NO;
				CLANG_ANALYZER_NONNULL = YES;
				CLANG_ANALYZER_NUMBER_OBJECT_CONVERSION = YES_AGGRESSIVE;
				CLANG_CXX_LANGUAGE_STANDARD = "gnu++20";
				CLANG_ENABLE_MODULES = YES;
				CLANG_ENABLE_OBJC_ARC = YES;
				CLANG_ENABLE_OBJC_WEAK = YES;
				CLANG_WARN_BLOCK_CAPTURE_AUTORELEASING = YES;
				CLANG_WARN_BOOL_CONVERSION = YES;
				CLANG_WARN_COMMA = YES;
				CLANG_WARN_CONSTANT_CONVERSION = YES;
				CLANG_WARN_DEPRECATED_OBJC_IMPLEMENTATIONS = YES;
				CLANG_WARN_DIRECT_OBJC_ISA_USAGE = YES_ERROR;
				CLANG_WARN_DOCUMENTATION_COMMENTS = YES;
				CLANG_WARN_EMPTY_BODY = YES;
				CLANG_WARN_ENUM_CONVERSION = YES;
				CLANG_WARN_INFINITE_RECURSION = YES;
				CLANG_WARN_INT_CONVERSION = YES;
				CLANG_WARN_NON_LITERAL_NULL_CONVERSION = YES;
				CLANG_WARN_OBJC_IMPLICIT_RETAIN_SELF = YES;
				CLANG_WARN_OBJC_LITERAL_CONVERSION = YES;
				CLANG_WARN_OBJC_ROOT_CLASS = YES_ERROR;
				CLANG_WARN_QUOTED_INCLUDE_IN_FRAMEWORK_HEADER = YES;
				CLANG_WARN_RANGE_LOOP_ANALYSIS = YES;
				CLANG_WARN_STRICT_PROTOTYPES = YES;
				CLANG_WARN_SUSPICIOUS_MOVE = YES;
				CLANG_WARN_UNGUARDED_AVAILABILITY = YES_AGGRESSIVE;
				CLANG_WARN_UNREACHABLE_CODE = YES;
				CLANG_WARN__DUPLICATE_METHOD_MATCH = YES;
				COPY_PHASE_STRIP = NO;
				DEBUG_INFORMATION_FORMAT = "dwarf-with-dsym";
				ENABLE_NS_ASSERTIONS = NO;
				ENABLE_STRICT_OBJC_MSGSEND = YES;
				GCC_C_LANGUAGE_STANDARD = gnu11;
				GCC_NO_COMMON_BLOCKS = YES;
				GCC_WARN_64_TO_32_BIT_CONVERSION = YES;
				GCC_WARN_ABOUT_RETURN_TYPE = YES_ERROR;
				GCC_WARN_UNDECLARED_SELECTOR = YES;
				GCC_WARN_UNINITIALIZED_AUTOS = YES_AGGRESSIVE;
				GCC_WARN_UNUSED_FUNCTION = YES;
				GCC_WARN_UNUSED_VARIABLE = YES;
				IPHONEOS_DEPLOYMENT_TARGET = 16.4;
				MTL_ENABLE_DEBUG_INFO = NO;
				MTL_FAST_MATH = YES;
				SDKROOT = iphoneos;
				SWIFT_COMPILATION_MODE = wholemodule;
				SWIFT_OPTIMIZATION_LEVEL = "-O";
				VALIDATE_PRODUCT = YES;
			};
			name = Release;
		};
		1B4B65392A25FCEF009C6BB1 /* Debug */ = {
			isa = XCBuildConfiguration;
			buildSettings = {
				ASSETCATALOG_COMPILER_APPICON_NAME = AppIcon;
				ASSETCATALOG_COMPILER_GLOBAL_ACCENT_COLOR_NAME = AccentColor;
				CODE_SIGN_STYLE = Automatic;
				CURRENT_PROJECT_VERSION = 1;
				DEVELOPMENT_ASSET_PATHS = "\"TEST_SwiftUI/Preview Content\"";
				ENABLE_PREVIEWS = YES;
				GENERATE_INFOPLIST_FILE = YES;
				INFOPLIST_KEY_UIApplicationSceneManifest_Generation = YES;
				INFOPLIST_KEY_UIApplicationSupportsIndirectInputEvents = YES;
				INFOPLIST_KEY_UILaunchScreen_Generation = YES;
				INFOPLIST_KEY_UISupportedInterfaceOrientations_iPad = "UIInterfaceOrientationPortrait UIInterfaceOrientationPortraitUpsideDown UIInterfaceOrientationLandscapeLeft UIInterfaceOrientationLandscapeRight";
				INFOPLIST_KEY_UISupportedInterfaceOrientations_iPhone = "UIInterfaceOrientationPortrait UIInterfaceOrientationLandscapeLeft UIInterfaceOrientationLandscapeRight";
				LD_RUNPATH_SEARCH_PATHS = (
					"$(inherited)",
					"@executable_path/Frameworks",
				);
				MARKETING_VERSION = 1.0;
				PRODUCT_BUNDLE_IDENTIFIER = "com.flappers.TEST-SwiftUI";
				PRODUCT_NAME = "$(TARGET_NAME)";
				SWIFT_EMIT_LOC_STRINGS = YES;
				SWIFT_VERSION = 5.0;
				TARGETED_DEVICE_FAMILY = "1,2";
			};
			name = Debug;
		};
		1B4B653A2A25FCEF009C6BB1 /* Release */ = {
			isa = XCBuildConfiguration;
			buildSettings = {
				ASSETCATALOG_COMPILER_APPICON_NAME = AppIcon;
				ASSETCATALOG_COMPILER_GLOBAL_ACCENT_COLOR_NAME = AccentColor;
				CODE_SIGN_STYLE = Automatic;
				CURRENT_PROJECT_VERSION = 1;
				DEVELOPMENT_ASSET_PATHS = "\"TEST_SwiftUI/Preview Content\"";
				ENABLE_PREVIEWS = YES;
				GENERATE_INFOPLIST_FILE = YES;
				INFOPLIST_KEY_UIApplicationSceneManifest_Generation = YES;
				INFOPLIST_KEY_UIApplicationSupportsIndirectInputEvents = YES;
				INFOPLIST_KEY_UILaunchScreen_Generation = YES;
				INFOPLIST_KEY_UISupportedInterfaceOrientations_iPad = "UIInterfaceOrientationPortrait UIInterfaceOrientationPortraitUpsideDown UIInterfaceOrientationLandscapeLeft UIInterfaceOrientationLandscapeRight";
				INFOPLIST_KEY_UISupportedInterfaceOrientations_iPhone = "UIInterfaceOrientationPortrait UIInterfaceOrientationLandscapeLeft UIInterfaceOrientationLandscapeRight";
				LD_RUNPATH_SEARCH_PATHS = (
					"$(inherited)",
					"@executable_path/Frameworks",
				);
				MARKETING_VERSION = 1.0;
				PRODUCT_BUNDLE_IDENTIFIER = "com.flappers.TEST-SwiftUI";
				PRODUCT_NAME = "$(TARGET_NAME)";
				SWIFT_EMIT_LOC_STRINGS = YES;
				SWIFT_VERSION = 5.0;
				TARGETED_DEVICE_FAMILY = "1,2";
			};
			name = Release;
		};
		1B4B653C2A25FCEF009C6BB1 /* Debug */ = {
			isa = XCBuildConfiguration;
			buildSettings = {
				ALWAYS_EMBED_SWIFT_STANDARD_LIBRARIES = YES;
				BUNDLE_LOADER = "$(TEST_HOST)";
				CODE_SIGN_STYLE = Automatic;
				CURRENT_PROJECT_VERSION = 1;
				GENERATE_INFOPLIST_FILE = YES;
				IPHONEOS_DEPLOYMENT_TARGET = 16.4;
				MARKETING_VERSION = 1.0;
				PRODUCT_BUNDLE_IDENTIFIER = "com.flappers.TEST-SwiftUITests";
				PRODUCT_NAME = "$(TARGET_NAME)";
				SWIFT_EMIT_LOC_STRINGS = NO;
				SWIFT_VERSION = 5.0;
				TARGETED_DEVICE_FAMILY = "1,2";
				TEST_HOST = "$(BUILT_PRODUCTS_DIR)/TEST_SwiftUI.app/$(BUNDLE_EXECUTABLE_FOLDER_PATH)/TEST_SwiftUI";
			};
			name = Debug;
		};
		1B4B653D2A25FCEF009C6BB1 /* Release */ = {
			isa = XCBuildConfiguration;
			buildSettings = {
				ALWAYS_EMBED_SWIFT_STANDARD_LIBRARIES = YES;
				BUNDLE_LOADER = "$(TEST_HOST)";
				CODE_SIGN_STYLE = Automatic;
				CURRENT_PROJECT_VERSION = 1;
				GENERATE_INFOPLIST_FILE = YES;
				IPHONEOS_DEPLOYMENT_TARGET = 16.4;
				MARKETING_VERSION = 1.0;
				PRODUCT_BUNDLE_IDENTIFIER = "com.flappers.TEST-SwiftUITests";
				PRODUCT_NAME = "$(TARGET_NAME)";
				SWIFT_EMIT_LOC_STRINGS = NO;
				SWIFT_VERSION = 5.0;
				TARGETED_DEVICE_FAMILY = "1,2";
				TEST_HOST = "$(BUILT_PRODUCTS_DIR)/TEST_SwiftUI.app/$(BUNDLE_EXECUTABLE_FOLDER_PATH)/TEST_SwiftUI";
			};
			name = Release;
		};
		1B4B653F2A25FCEF009C6BB1 /* Debug */ = {
			isa = XCBuildConfiguration;
			buildSettings = {
				ALWAYS_EMBED_SWIFT_STANDARD_LIBRARIES = YES;
				CODE_SIGN_STYLE = Automatic;
				CURRENT_PROJECT_VERSION = 1;
				GENERATE_INFOPLIST_FILE = YES;
				MARKETING_VERSION = 1.0;
				PRODUCT_BUNDLE_IDENTIFIER = "com.flappers.TEST-SwiftUIUITests";
				PRODUCT_NAME = "$(TARGET_NAME)";
				SWIFT_EMIT_LOC_STRINGS = NO;
				SWIFT_VERSION = 5.0;
				TARGETED_DEVICE_FAMILY = "1,2";
				TEST_TARGET_NAME = TEST_SwiftUI;
			};
			name = Debug;
		};
		1B4B65402A25FCEF009C6BB1 /* Release */ = {
			isa = XCBuildConfiguration;
			buildSettings = {
				ALWAYS_EMBED_SWIFT_STANDARD_LIBRARIES = YES;
				CODE_SIGN_STYLE = Automatic;
				CURRENT_PROJECT_VERSION = 1;
				GENERATE_INFOPLIST_FILE = YES;
				MARKETING_VERSION = 1.0;
				PRODUCT_BUNDLE_IDENTIFIER = "com.flappers.TEST-SwiftUIUITests";
				PRODUCT_NAME = "$(TARGET_NAME)";
				SWIFT_EMIT_LOC_STRINGS = NO;
				SWIFT_VERSION = 5.0;
				TARGETED_DEVICE_FAMILY = "1,2";
				TEST_TARGET_NAME = TEST_SwiftUI;
			};
			name = Release;
		};
/* End XCBuildConfiguration section */

/* Begin XCConfigurationList section */
		1B4B650F2A25FCEE009C6BB1 /* Build configuration list for PBXProject "TEST_SwiftUI" */ = {
			isa = XCConfigurationList;
			buildConfigurations = (
				1B4B65362A25FCEF009C6BB1 /* Debug */,
				1B4B65372A25FCEF009C6BB1 /* Release */,
			);
			defaultConfigurationIsVisible = 0;
			defaultConfigurationName = Release;
		};
		1B4B65382A25FCEF009C6BB1 /* Build configuration list for PBXNativeTarget "TEST_SwiftUI" */ = {
			isa = XCConfigurationList;
			buildConfigurations = (
				1B4B65392A25FCEF009C6BB1 /* Debug */,
				1B4B653A2A25FCEF009C6BB1 /* Release */,
			);
			defaultConfigurationIsVisible = 0;
			defaultConfigurationName = Release;
		};
		1B4B653B2A25FCEF009C6BB1 /* Build configuration list for PBXNativeTarget "TEST_SwiftUITests" */ = {
			isa = XCConfigurationList;
			buildConfigurations = (
				1B4B653C2A25FCEF009C6BB1 /* Debug */,
				1B4B653D2A25FCEF009C6BB1 /* Release */,
			);
			defaultConfigurationIsVisible = 0;
			defaultConfigurationName = Release;
		};
		1B4B653E2A25FCEF009C6BB1 /* Build configuration list for PBXNativeTarget "TEST_SwiftUIUITests" */ = {
			isa = XCConfigurationList;
			buildConfigurations = (
				1B4B653F2A25FCEF009C6BB1 /* Debug */,
				1B4B65402A25FCEF009C6BB1 /* Release */,
			);
			defaultConfigurationIsVisible = 0;
			defaultConfigurationName = Release;
		};
/* End XCConfigurationList section */
	};
	rootObject = 1B4B650C2A25FCEE009C6BB1 /* Project object */;
}
