// !$*UTF8*$!
{
	archiveVersion = 1;
	classes = {
	};
	objectVersion = 56;
	objects = {

/* Begin PBXBuildFile section */
		1B79993E2A4F20E30010CF20 /* Alert.swift in Sources */ = {isa = PBXBuildFile; fileRef = 1B79993D2A4F20E30010CF20 /* Alert.swift */; };
		1B7999402A4F24050010CF20 /* AddAlertViewController.swift in Sources */ = {isa = PBXBuildFile; fileRef = 1B79993F2A4F24050010CF20 /* AddAlertViewController.swift */; };
		1B9034572A4F1CA600860135 /* AppDelegate.swift in Sources */ = {isa = PBXBuildFile; fileRef = 1B9034562A4F1CA600860135 /* AppDelegate.swift */; };
		1B9034592A4F1CA600860135 /* SceneDelegate.swift in Sources */ = {isa = PBXBuildFile; fileRef = 1B9034582A4F1CA600860135 /* SceneDelegate.swift */; };
		1B90345E2A4F1CA600860135 /* Main.storyboard in Resources */ = {isa = PBXBuildFile; fileRef = 1B90345C2A4F1CA600860135 /* Main.storyboard */; };
		1B9034602A4F1CA700860135 /* Assets.xcassets in Resources */ = {isa = PBXBuildFile; fileRef = 1B90345F2A4F1CA700860135 /* Assets.xcassets */; };
		1B9034632A4F1CA700860135 /* LaunchScreen.storyboard in Resources */ = {isa = PBXBuildFile; fileRef = 1B9034612A4F1CA700860135 /* LaunchScreen.storyboard */; };
		1B90346B2A4F1CCB00860135 /* AlertListViewController.swift in Sources */ = {isa = PBXBuildFile; fileRef = 1B90346A2A4F1CCB00860135 /* AlertListViewController.swift */; };
		1B90346E2A4F1E2D00860135 /* AlertListCell.swift in Sources */ = {isa = PBXBuildFile; fileRef = 1B90346C2A4F1E2D00860135 /* AlertListCell.swift */; };
		1B90346F2A4F1E2D00860135 /* AlertListCell.xib in Resources */ = {isa = PBXBuildFile; fileRef = 1B90346D2A4F1E2D00860135 /* AlertListCell.xib */; };
/* End PBXBuildFile section */

/* Begin PBXFileReference section */
		1B79993D2A4F20E30010CF20 /* Alert.swift */ = {isa = PBXFileReference; lastKnownFileType = sourcecode.swift; path = Alert.swift; sourceTree = "<group>"; };
		1B79993F2A4F24050010CF20 /* AddAlertViewController.swift */ = {isa = PBXFileReference; lastKnownFileType = sourcecode.swift; path = AddAlertViewController.swift; sourceTree = "<group>"; };
		1B9034532A4F1CA600860135 /* Ex_LocalNotification.app */ = {isa = PBXFileReference; explicitFileType = wrapper.application; includeInIndex = 0; path = Ex_LocalNotification.app; sourceTree = BUILT_PRODUCTS_DIR; };
		1B9034562A4F1CA600860135 /* AppDelegate.swift */ = {isa = PBXFileReference; lastKnownFileType = sourcecode.swift; path = AppDelegate.swift; sourceTree = "<group>"; };
		1B9034582A4F1CA600860135 /* SceneDelegate.swift */ = {isa = PBXFileReference; lastKnownFileType = sourcecode.swift; path = SceneDelegate.swift; sourceTree = "<group>"; };
		1B90345D2A4F1CA600860135 /* Base */ = {isa = PBXFileReference; lastKnownFileType = file.storyboard; name = Base; path = Base.lproj/Main.storyboard; sourceTree = "<group>"; };
		1B90345F2A4F1CA700860135 /* Assets.xcassets */ = {isa = PBXFileReference; lastKnownFileType = folder.assetcatalog; path = Assets.xcassets; sourceTree = "<group>"; };
		1B9034622A4F1CA700860135 /* Base */ = {isa = PBXFileReference; lastKnownFileType = file.storyboard; name = Base; path = Base.lproj/LaunchScreen.storyboard; sourceTree = "<group>"; };
		1B9034642A4F1CA700860135 /* Info.plist */ = {isa = PBXFileReference; lastKnownFileType = text.plist.xml; path = Info.plist; sourceTree = "<group>"; };
		1B90346A2A4F1CCB00860135 /* AlertListViewController.swift */ = {isa = PBXFileReference; lastKnownFileType = sourcecode.swift; path = AlertListViewController.swift; sourceTree = "<group>"; };
		1B90346C2A4F1E2D00860135 /* AlertListCell.swift */ = {isa = PBXFileReference; lastKnownFileType = sourcecode.swift; path = AlertListCell.swift; sourceTree = "<group>"; };
		1B90346D2A4F1E2D00860135 /* AlertListCell.xib */ = {isa = PBXFileReference; lastKnownFileType = file.xib; path = AlertListCell.xib; sourceTree = "<group>"; };
/* End PBXFileReference section */

/* Begin PBXFrameworksBuildPhase section */
		1B9034502A4F1CA600860135 /* Frameworks */ = {
			isa = PBXFrameworksBuildPhase;
			buildActionMask = 2147483647;
			files = (
			);
			runOnlyForDeploymentPostprocessing = 0;
		};
/* End PBXFrameworksBuildPhase section */

/* Begin PBXGroup section */
		1B90344A2A4F1CA600860135 = {
			isa = PBXGroup;
			children = (
				1B9034552A4F1CA600860135 /* Ex_LocalNotification */,
				1B9034542A4F1CA600860135 /* Products */,
			);
			sourceTree = "<group>";
		};
		1B9034542A4F1CA600860135 /* Products */ = {
			isa = PBXGroup;
			children = (
				1B9034532A4F1CA600860135 /* Ex_LocalNotification.app */,
			);
			name = Products;
			sourceTree = "<group>";
		};
		1B9034552A4F1CA600860135 /* Ex_LocalNotification */ = {
			isa = PBXGroup;
			children = (
				1B9034562A4F1CA600860135 /* AppDelegate.swift */,
				1B9034582A4F1CA600860135 /* SceneDelegate.swift */,
				1B90345C2A4F1CA600860135 /* Main.storyboard */,
				1B90345F2A4F1CA700860135 /* Assets.xcassets */,
				1B9034612A4F1CA700860135 /* LaunchScreen.storyboard */,
				1B9034642A4F1CA700860135 /* Info.plist */,
				1B90346A2A4F1CCB00860135 /* AlertListViewController.swift */,
				1B90346C2A4F1E2D00860135 /* AlertListCell.swift */,
				1B90346D2A4F1E2D00860135 /* AlertListCell.xib */,
				1B79993D2A4F20E30010CF20 /* Alert.swift */,
				1B79993F2A4F24050010CF20 /* AddAlertViewController.swift */,
			);
			path = Ex_LocalNotification;
			sourceTree = "<group>";
		};
/* End PBXGroup section */

/* Begin PBXNativeTarget section */
		1B9034522A4F1CA600860135 /* Ex_LocalNotification */ = {
			isa = PBXNativeTarget;
			buildConfigurationList = 1B9034672A4F1CA700860135 /* Build configuration list for PBXNativeTarget "Ex_LocalNotification" */;
			buildPhases = (
				1B90344F2A4F1CA600860135 /* Sources */,
				1B9034502A4F1CA600860135 /* Frameworks */,
				1B9034512A4F1CA600860135 /* Resources */,
			);
			buildRules = (
			);
			dependencies = (
			);
			name = Ex_LocalNotification;
			productName = Ex_LocalNotification;
			productReference = 1B9034532A4F1CA600860135 /* Ex_LocalNotification.app */;
			productType = "com.apple.product-type.application";
		};
/* End PBXNativeTarget section */

/* Begin PBXProject section */
		1B90344B2A4F1CA600860135 /* Project object */ = {
			isa = PBXProject;
			attributes = {
				BuildIndependentTargetsInParallel = 1;
				LastSwiftUpdateCheck = 1430;
				LastUpgradeCheck = 1430;
				TargetAttributes = {
					1B9034522A4F1CA600860135 = {
						CreatedOnToolsVersion = 14.3.1;
					};
				};
			};
			buildConfigurationList = 1B90344E2A4F1CA600860135 /* Build configuration list for PBXProject "Ex_LocalNotification" */;
			compatibilityVersion = "Xcode 14.0";
			developmentRegion = en;
			hasScannedForEncodings = 0;
			knownRegions = (
				en,
				Base,
			);
			mainGroup = 1B90344A2A4F1CA600860135;
			productRefGroup = 1B9034542A4F1CA600860135 /* Products */;
			projectDirPath = "";
			projectRoot = "";
			targets = (
				1B9034522A4F1CA600860135 /* Ex_LocalNotification */,
			);
		};
/* End PBXProject section */

/* Begin PBXResourcesBuildPhase section */
		1B9034512A4F1CA600860135 /* Resources */ = {
			isa = PBXResourcesBuildPhase;
			buildActionMask = 2147483647;
			files = (
				1B9034632A4F1CA700860135 /* LaunchScreen.storyboard in Resources */,
				1B9034602A4F1CA700860135 /* Assets.xcassets in Resources */,
				1B90346F2A4F1E2D00860135 /* AlertListCell.xib in Resources */,
				1B90345E2A4F1CA600860135 /* Main.storyboard in Resources */,
			);
			runOnlyForDeploymentPostprocessing = 0;
		};
/* End PBXResourcesBuildPhase section */

/* Begin PBXSourcesBuildPhase section */
		1B90344F2A4F1CA600860135 /* Sources */ = {
			isa = PBXSourcesBuildPhase;
			buildActionMask = 2147483647;
			files = (
				1B9034572A4F1CA600860135 /* AppDelegate.swift in Sources */,
				1B9034592A4F1CA600860135 /* SceneDelegate.swift in Sources */,
				1B90346E2A4F1E2D00860135 /* AlertListCell.swift in Sources */,
				1B79993E2A4F20E30010CF20 /* Alert.swift in Sources */,
				1B90346B2A4F1CCB00860135 /* AlertListViewController.swift in Sources */,
				1B7999402A4F24050010CF20 /* AddAlertViewController.swift in Sources */,
			);
			runOnlyForDeploymentPostprocessing = 0;
		};
/* End PBXSourcesBuildPhase section */

/* Begin PBXVariantGroup section */
		1B90345C2A4F1CA600860135 /* Main.storyboard */ = {
			isa = PBXVariantGroup;
			children = (
				1B90345D2A4F1CA600860135 /* Base */,
			);
			name = Main.storyboard;
			sourceTree = "<group>";
		};
		1B9034612A4F1CA700860135 /* LaunchScreen.storyboard */ = {
			isa = PBXVariantGroup;
			children = (
				1B9034622A4F1CA700860135 /* Base */,
			);
			name = LaunchScreen.storyboard;
			sourceTree = "<group>";
		};
/* End PBXVariantGroup section */

/* Begin XCBuildConfiguration section */
		1B9034652A4F1CA700860135 /* Debug */ = {
			isa = XCBuildConfiguration;
			buildSettings = {
				ALWAYS_SEARCH_USER_PATHS = NO;
				CLANG_ANALYZER_NONNULL = YES;
				CLANG_ANALYZER_NUMBER_OBJECT_CONVERSION = YES_AGGRESSIVE;
				CLANG_CXX_LANGUAGE_STANDARD = "gnu++20";
				CLANG_ENABLE_MODULES = YES;
				CLANG_ENABLE_OBJC_ARC = YES;
				CLANG_ENABLE_OBJC_WEAK = YES;
				CLANG_WARN_BLOCK_CAPTURE_AUTORELEASING = YES;
				CLANG_WARN_BOOL_CONVERSION = YES;
				CLANG_WARN_COMMA = YES;
				CLANG_WARN_CONSTANT_CONVERSION = YES;
				CLANG_WARN_DEPRECATED_OBJC_IMPLEMENTATIONS = YES;
				CLANG_WARN_DIRECT_OBJC_ISA_USAGE = YES_ERROR;
				CLANG_WARN_DOCUMENTATION_COMMENTS = YES;
				CLANG_WARN_EMPTY_BODY = YES;
				CLANG_WARN_ENUM_CONVERSION = YES;
				CLANG_WARN_INFINITE_RECURSION = YES;
				CLANG_WARN_INT_CONVERSION = YES;
				CLANG_WARN_NON_LITERAL_NULL_CONVERSION = YES;
				CLANG_WARN_OBJC_IMPLICIT_RETAIN_SELF = YES;
				CLANG_WARN_OBJC_LITERAL_CONVERSION = YES;
				CLANG_WARN_OBJC_ROOT_CLASS = YES_ERROR;
				CLANG_WARN_QUOTED_INCLUDE_IN_FRAMEWORK_HEADER = YES;
				CLANG_WARN_RANGE_LOOP_ANALYSIS = YES;
				CLANG_WARN_STRICT_PROTOTYPES = YES;
				CLANG_WARN_SUSPICIOUS_MOVE = YES;
				CLANG_WARN_UNGUARDED_AVAILABILITY = YES_AGGRESSIVE;
				CLANG_WARN_UNREACHABLE_CODE = YES;
				CLANG_WARN__DUPLICATE_METHOD_MATCH = YES;
				COPY_PHASE_STRIP = NO;
				DEBUG_INFORMATION_FORMAT = dwarf;
				ENABLE_STRICT_OBJC_MSGSEND = YES;
				ENABLE_TESTABILITY = YES;
				GCC_C_LANGUAGE_STANDARD = gnu11;
				GCC_DYNAMIC_NO_PIC = NO;
				GCC_NO_COMMON_BLOCKS = YES;
				GCC_OPTIMIZATION_LEVEL = 0;
				GCC_PREPROCESSOR_DEFINITIONS = (
					"DEBUG=1",
					"$(inherited)",
				);
				GCC_WARN_64_TO_32_BIT_CONVERSION = YES;
				GCC_WARN_ABOUT_RETURN_TYPE = YES_ERROR;
				GCC_WARN_UNDECLARED_SELECTOR = YES;
				GCC_WARN_UNINITIALIZED_AUTOS = YES_AGGRESSIVE;
				GCC_WARN_UNUSED_FUNCTION = YES;
				GCC_WARN_UNUSED_VARIABLE = YES;
				IPHONEOS_DEPLOYMENT_TARGET = 16.4;
				MTL_ENABLE_DEBUG_INFO = INCLUDE_SOURCE;
				MTL_FAST_MATH = YES;
				ONLY_ACTIVE_ARCH = YES;
				SDKROOT = iphoneos;
				SWIFT_ACTIVE_COMPILATION_CONDITIONS = DEBUG;
				SWIFT_OPTIMIZATION_LEVEL = "-Onone";
			};
			name = Debug;
		};
		1B9034662A4F1CA700860135 /* Release */ = {
			isa = XCBuildConfiguration;
			buildSettings = {
				ALWAYS_SEARCH_USER_PATHS = NO;
				CLANG_ANALYZER_NONNULL = YES;
				CLANG_ANALYZER_NUMBER_OBJECT_CONVERSION = YES_AGGRESSIVE;
				CLANG_CXX_LANGUAGE_STANDARD = "gnu++20";
				CLANG_ENABLE_MODULES = YES;
				CLANG_ENABLE_OBJC_ARC = YES;
				CLANG_ENABLE_OBJC_WEAK = YES;
				CLANG_WARN_BLOCK_CAPTURE_AUTORELEASING = YES;
				CLANG_WARN_BOOL_CONVERSION = YES;
				CLANG_WARN_COMMA = YES;
				CLANG_WARN_CONSTANT_CONVERSION = YES;
				CLANG_WARN_DEPRECATED_OBJC_IMPLEMENTATIONS = YES;
				CLANG_WARN_DIRECT_OBJC_ISA_USAGE = YES_ERROR;
				CLANG_WARN_DOCUMENTATION_COMMENTS = YES;
				CLANG_WARN_EMPTY_BODY = YES;
				CLANG_WARN_ENUM_CONVERSION = YES;
				CLANG_WARN_INFINITE_RECURSION = YES;
				CLANG_WARN_INT_CONVERSION = YES;
				CLANG_WARN_NON_LITERAL_NULL_CONVERSION = YES;
				CLANG_WARN_OBJC_IMPLICIT_RETAIN_SELF = YES;
				CLANG_WARN_OBJC_LITERAL_CONVERSION = YES;
				CLANG_WARN_OBJC_ROOT_CLASS = YES_ERROR;
				CLANG_WARN_QUOTED_INCLUDE_IN_FRAMEWORK_HEADER = YES;
				CLANG_WARN_RANGE_LOOP_ANALYSIS = YES;
				CLANG_WARN_STRICT_PROTOTYPES = YES;
				CLANG_WARN_SUSPICIOUS_MOVE = YES;
				CLANG_WARN_UNGUARDED_AVAILABILITY = YES_AGGRESSIVE;
				CLANG_WARN_UNREACHABLE_CODE = YES;
				CLANG_WARN__DUPLICATE_METHOD_MATCH = YES;
				COPY_PHASE_STRIP = NO;
				DEBUG_INFORMATION_FORMAT = "dwarf-with-dsym";
				ENABLE_NS_ASSERTIONS = NO;
				ENABLE_STRICT_OBJC_MSGSEND = YES;
				GCC_C_LANGUAGE_STANDARD = gnu11;
				GCC_NO_COMMON_BLOCKS = YES;
				GCC_WARN_64_TO_32_BIT_CONVERSION = YES;
				GCC_WARN_ABOUT_RETURN_TYPE = YES_ERROR;
				GCC_WARN_UNDECLARED_SELECTOR = YES;
				GCC_WARN_UNINITIALIZED_AUTOS = YES_AGGRESSIVE;
				GCC_WARN_UNUSED_FUNCTION = YES;
				GCC_WARN_UNUSED_VARIABLE = YES;
				IPHONEOS_DEPLOYMENT_TARGET = 16.4;
				MTL_ENABLE_DEBUG_INFO = NO;
				MTL_FAST_MATH = YES;
				SDKROOT = iphoneos;
				SWIFT_COMPILATION_MODE = wholemodule;
				SWIFT_OPTIMIZATION_LEVEL = "-O";
				VALIDATE_PRODUCT = YES;
			};
			name = Release;
		};
		1B9034682A4F1CA700860135 /* Debug */ = {
			isa = XCBuildConfiguration;
			buildSettings = {
				ASSETCATALOG_COMPILER_APPICON_NAME = AppIcon;
				ASSETCATALOG_COMPILER_GLOBAL_ACCENT_COLOR_NAME = AccentColor;
				CODE_SIGN_STYLE = Automatic;
				CURRENT_PROJECT_VERSION = 1;
				DEVELOPMENT_TEAM = 529C69ULU2;
				GENERATE_INFOPLIST_FILE = YES;
				INFOPLIST_FILE = Ex_LocalNotification/Info.plist;
				INFOPLIST_KEY_UIApplicationSupportsIndirectInputEvents = YES;
				INFOPLIST_KEY_UILaunchStoryboardName = LaunchScreen;
				INFOPLIST_KEY_UIMainStoryboardFile = Main;
				INFOPLIST_KEY_UISupportedInterfaceOrientations_iPad = "UIInterfaceOrientationPortrait UIInterfaceOrientationPortraitUpsideDown UIInterfaceOrientationLandscapeLeft UIInterfaceOrientationLandscapeRight";
				INFOPLIST_KEY_UISupportedInterfaceOrientations_iPhone = "UIInterfaceOrientationPortrait UIInterfaceOrientationLandscapeLeft UIInterfaceOrientationLandscapeRight";
				LD_RUNPATH_SEARCH_PATHS = (
					"$(inherited)",
					"@executable_path/Frameworks",
				);
				MARKETING_VERSION = 1.0;
				PRODUCT_BUNDLE_IDENTIFIER = "com.flappers.Ex-LocalNotification";
				PRODUCT_NAME = "$(TARGET_NAME)";
				SWIFT_EMIT_LOC_STRINGS = YES;
				SWIFT_VERSION = 5.0;
				TARGETED_DEVICE_FAMILY = "1,2";
			};
			name = Debug;
		};
		1B9034692A4F1CA700860135 /* Release */ = {
			isa = XCBuildConfiguration;
			buildSettings = {
				ASSETCATALOG_COMPILER_APPICON_NAME = AppIcon;
				ASSETCATALOG_COMPILER_GLOBAL_ACCENT_COLOR_NAME = AccentColor;
				CODE_SIGN_STYLE = Automatic;
				CURRENT_PROJECT_VERSION = 1;
				DEVELOPMENT_TEAM = 529C69ULU2;
				GENERATE_INFOPLIST_FILE = YES;
				INFOPLIST_FILE = Ex_LocalNotification/Info.plist;
				INFOPLIST_KEY_UIApplicationSupportsIndirectInputEvents = YES;
				INFOPLIST_KEY_UILaunchStoryboardName = LaunchScreen;
				INFOPLIST_KEY_UIMainStoryboardFile = Main;
				INFOPLIST_KEY_UISupportedInterfaceOrientations_iPad = "UIInterfaceOrientationPortrait UIInterfaceOrientationPortraitUpsideDown UIInterfaceOrientationLandscapeLeft UIInterfaceOrientationLandscapeRight";
				INFOPLIST_KEY_UISupportedInterfaceOrientations_iPhone = "UIInterfaceOrientationPortrait UIInterfaceOrientationLandscapeLeft UIInterfaceOrientationLandscapeRight";
				LD_RUNPATH_SEARCH_PATHS = (
					"$(inherited)",
					"@executable_path/Frameworks",
				);
				MARKETING_VERSION = 1.0;
				PRODUCT_BUNDLE_IDENTIFIER = "com.flappers.Ex-LocalNotification";
				PRODUCT_NAME = "$(TARGET_NAME)";
				SWIFT_EMIT_LOC_STRINGS = YES;
				SWIFT_VERSION = 5.0;
				TARGETED_DEVICE_FAMILY = "1,2";
			};
			name = Release;
		};
/* End XCBuildConfiguration section */

/* Begin XCConfigurationList section */
		1B90344E2A4F1CA600860135 /* Build configuration list for PBXProject "Ex_LocalNotification" */ = {
			isa = XCConfigurationList;
			buildConfigurations = (
				1B9034652A4F1CA700860135 /* Debug */,
				1B9034662A4F1CA700860135 /* Release */,
			);
			defaultConfigurationIsVisible = 0;
			defaultConfigurationName = Release;
		};
		1B9034672A4F1CA700860135 /* Build configuration list for PBXNativeTarget "Ex_LocalNotification" */ = {
			isa = XCConfigurationList;
			buildConfigurations = (
				1B9034682A4F1CA700860135 /* Debug */,
				1B9034692A4F1CA700860135 /* Release */,
			);
			defaultConfigurationIsVisible = 0;
			defaultConfigurationName = Release;
		};
/* End XCConfigurationList section */
	};
	rootObject = 1B90344B2A4F1CA600860135 /* Project object */;
}
