// !$*UTF8*$!
{
	archiveVersion = 1;
	classes = {
	};
	objectVersion = 56;
	objects = {

/* Begin PBXBuildFile section */
		5FC9F01E2B9043FD00C5BBF1 /* FlapperLayout in Frameworks */ = {isa = PBXBuildFile; productRef = 5FC9F01D2B9043FD00C5BBF1 /* FlapperLayout */; };
		5FC9F0212B91989E00C5BBF1 /* BitCollections in Frameworks */ = {isa = PBXBuildFile; productRef = 5FC9F0202B91989E00C5BBF1 /* BitCollections */; };
		5FC9F0232B91989E00C5BBF1 /* Collections in Frameworks */ = {isa = PBXBuildFile; productRef = 5FC9F0222B91989E00C5BBF1 /* Collections */; };
		5FC9F0252B91989E00C5BBF1 /* DequeModule in Frameworks */ = {isa = PBXBuildFile; productRef = 5FC9F0242B91989E00C5BBF1 /* DequeModule */; };
		5FC9F0272B91989E00C5BBF1 /* HashTreeCollections in Frameworks */ = {isa = PBXBuildFile; productRef = 5FC9F0262B91989E00C5BBF1 /* HashTreeCollections */; };
		5FC9F0292B91989E00C5BBF1 /* HeapModule in Frameworks */ = {isa = PBXBuildFile; productRef = 5FC9F0282B91989E00C5BBF1 /* HeapModule */; };
		5FC9F02B2B91989E00C5BBF1 /* OrderedCollections in Frameworks */ = {isa = PBXBuildFile; productRef = 5FC9F02A2B91989E00C5BBF1 /* OrderedCollections */; };
		5FC9F02D2B91989E00C5BBF1 /* _RopeModule in Frameworks */ = {isa = PBXBuildFile; productRef = 5FC9F02C2B91989E00C5BBF1 /* _RopeModule */; };
		5FE291E92B8E00D20023298C /* TEMPApp.swift in Sources */ = {isa = PBXBuildFile; fileRef = 5FE291E82B8E00D20023298C /* TEMPApp.swift */; };
		5FE291EB2B8E00D20023298C /* ContentView.swift in Sources */ = {isa = PBXBuildFile; fileRef = 5FE291EA2B8E00D20023298C /* ContentView.swift */; };
		5FE291ED2B8E00D30023298C /* Assets.xcassets in Resources */ = {isa = PBXBuildFile; fileRef = 5FE291EC2B8E00D30023298C /* Assets.xcassets */; };
		5FE291F12B8E00D30023298C /* Preview Assets.xcassets in Resources */ = {isa = PBXBuildFile; fileRef = 5FE291F02B8E00D30023298C /* Preview Assets.xcassets */; };
/* End PBXBuildFile section */

/* Begin PBXFileReference section */
		5FE291E52B8E00D20023298C /* TEMP.app */ = {isa = PBXFileReference; explicitFileType = wrapper.application; includeInIndex = 0; path = TEMP.app; sourceTree = BUILT_PRODUCTS_DIR; };
		5FE291E82B8E00D20023298C /* TEMPApp.swift */ = {isa = PBXFileReference; lastKnownFileType = sourcecode.swift; path = TEMPApp.swift; sourceTree = "<group>"; };
		5FE291EA2B8E00D20023298C /* ContentView.swift */ = {isa = PBXFileReference; lastKnownFileType = sourcecode.swift; path = ContentView.swift; sourceTree = "<group>"; };
		5FE291EC2B8E00D30023298C /* Assets.xcassets */ = {isa = PBXFileReference; lastKnownFileType = folder.assetcatalog; path = Assets.xcassets; sourceTree = "<group>"; };
		5FE291EE2B8E00D30023298C /* TEMP.entitlements */ = {isa = PBXFileReference; lastKnownFileType = text.plist.entitlements; path = TEMP.entitlements; sourceTree = "<group>"; };
		5FE291F02B8E00D30023298C /* Preview Assets.xcassets */ = {isa = PBXFileReference; lastKnownFileType = folder.assetcatalog; path = "Preview Assets.xcassets"; sourceTree = "<group>"; };
/* End PBXFileReference section */

/* Begin PBXFrameworksBuildPhase section */
		5FE291E22B8E00D20023298C /* Frameworks */ = {
			isa = PBXFrameworksBuildPhase;
			buildActionMask = 2147483647;
			files = (
				5FC9F0272B91989E00C5BBF1 /* HashTreeCollections in Frameworks */,
				5FC9F0232B91989E00C5BBF1 /* Collections in Frameworks */,
				5FC9F0252B91989E00C5BBF1 /* DequeModule in Frameworks */,
				5FC9F0212B91989E00C5BBF1 /* BitCollections in Frameworks */,
				5FC9F0292B91989E00C5BBF1 /* HeapModule in Frameworks */,
				5FC9F02B2B91989E00C5BBF1 /* OrderedCollections in Frameworks */,
				5FC9F02D2B91989E00C5BBF1 /* _RopeModule in Frameworks */,
				5FC9F01E2B9043FD00C5BBF1 /* FlapperLayout in Frameworks */,
			);
			runOnlyForDeploymentPostprocessing = 0;
		};
/* End PBXFrameworksBuildPhase section */

/* Begin PBXGroup section */
		5FE291DC2B8E00D20023298C = {
			isa = PBXGroup;
			children = (
				5FE291E72B8E00D20023298C /* TEMP */,
				5FE291E62B8E00D20023298C /* Products */,
			);
			sourceTree = "<group>";
		};
		5FE291E62B8E00D20023298C /* Products */ = {
			isa = PBXGroup;
			children = (
				5FE291E52B8E00D20023298C /* TEMP.app */,
			);
			name = Products;
			sourceTree = "<group>";
		};
		5FE291E72B8E00D20023298C /* TEMP */ = {
			isa = PBXGroup;
			children = (
				5FE291E82B8E00D20023298C /* TEMPApp.swift */,
				5FE291EA2B8E00D20023298C /* ContentView.swift */,
				5FE291EC2B8E00D30023298C /* Assets.xcassets */,
				5FE291EE2B8E00D30023298C /* TEMP.entitlements */,
				5FE291EF2B8E00D30023298C /* Preview Content */,
			);
			path = TEMP;
			sourceTree = "<group>";
		};
		5FE291EF2B8E00D30023298C /* Preview Content */ = {
			isa = PBXGroup;
			children = (
				5FE291F02B8E00D30023298C /* Preview Assets.xcassets */,
			);
			path = "Preview Content";
			sourceTree = "<group>";
		};
/* End PBXGroup section */

/* Begin PBXNativeTarget section */
		5FE291E42B8E00D20023298C /* TEMP */ = {
			isa = PBXNativeTarget;
			buildConfigurationList = 5FE291F42B8E00D30023298C /* Build configuration list for PBXNativeTarget "TEMP" */;
			buildPhases = (
				5FE291E12B8E00D20023298C /* Sources */,
				5FE291E22B8E00D20023298C /* Frameworks */,
				5FE291E32B8E00D20023298C /* Resources */,
			);
			buildRules = (
			);
			dependencies = (
			);
			name = TEMP;
			packageProductDependencies = (
				5FC9F01D2B9043FD00C5BBF1 /* FlapperLayout */,
				5FC9F0202B91989E00C5BBF1 /* BitCollections */,
				5FC9F0222B91989E00C5BBF1 /* Collections */,
				5FC9F0242B91989E00C5BBF1 /* DequeModule */,
				5FC9F0262B91989E00C5BBF1 /* HashTreeCollections */,
				5FC9F0282B91989E00C5BBF1 /* HeapModule */,
				5FC9F02A2B91989E00C5BBF1 /* OrderedCollections */,
				5FC9F02C2B91989E00C5BBF1 /* _RopeModule */,
			);
			productName = TEMP;
			productReference = 5FE291E52B8E00D20023298C /* TEMP.app */;
			productType = "com.apple.product-type.application";
		};
/* End PBXNativeTarget section */

/* Begin PBXProject section */
		5FE291DD2B8E00D20023298C /* Project object */ = {
			isa = PBXProject;
			attributes = {
				BuildIndependentTargetsInParallel = 1;
				LastSwiftUpdateCheck = 1520;
				LastUpgradeCheck = 1520;
				TargetAttributes = {
					5FE291E42B8E00D20023298C = {
						CreatedOnToolsVersion = 15.2;
					};
				};
			};
			buildConfigurationList = 5FE291E02B8E00D20023298C /* Build configuration list for PBXProject "TEMP" */;
			compatibilityVersion = "Xcode 14.0";
			developmentRegion = en;
			hasScannedForEncodings = 0;
			knownRegions = (
				en,
				Base,
			);
			mainGroup = 5FE291DC2B8E00D20023298C;
			packageReferences = (
				5FC9F01C2B9043FC00C5BBF1 /* XCRemoteSwiftPackageReference "FlapperLayout" */,
				5FC9F01F2B91989E00C5BBF1 /* XCRemoteSwiftPackageReference "swift-collections" */,
			);
			productRefGroup = 5FE291E62B8E00D20023298C /* Products */;
			projectDirPath = "";
			projectRoot = "";
			targets = (
				5FE291E42B8E00D20023298C /* TEMP */,
			);
		};
/* End PBXProject section */

/* Begin PBXResourcesBuildPhase section */
		5FE291E32B8E00D20023298C /* Resources */ = {
			isa = PBXResourcesBuildPhase;
			buildActionMask = 2147483647;
			files = (
				5FE291F12B8E00D30023298C /* Preview Assets.xcassets in Resources */,
				5FE291ED2B8E00D30023298C /* Assets.xcassets in Resources */,
			);
			runOnlyForDeploymentPostprocessing = 0;
		};
/* End PBXResourcesBuildPhase section */

/* Begin PBXSourcesBuildPhase section */
		5FE291E12B8E00D20023298C /* Sources */ = {
			isa = PBXSourcesBuildPhase;
			buildActionMask = 2147483647;
			files = (
				5FE291EB2B8E00D20023298C /* ContentView.swift in Sources */,
				5FE291E92B8E00D20023298C /* TEMPApp.swift in Sources */,
			);
			runOnlyForDeploymentPostprocessing = 0;
		};
/* End PBXSourcesBuildPhase section */

/* Begin XCBuildConfiguration section */
		5FE291F22B8E00D30023298C /* Debug */ = {
			isa = XCBuildConfiguration;
			buildSettings = {
				ALWAYS_SEARCH_USER_PATHS = NO;
				ASSETCATALOG_COMPILER_GENERATE_SWIFT_ASSET_SYMBOL_EXTENSIONS = YES;
				CLANG_ANALYZER_NONNULL = YES;
				CLANG_ANALYZER_NUMBER_OBJECT_CONVERSION = YES_AGGRESSIVE;
				CLANG_CXX_LANGUAGE_STANDARD = "gnu++20";
				CLANG_ENABLE_MODULES = YES;
				CLANG_ENABLE_OBJC_ARC = YES;
				CLANG_ENABLE_OBJC_WEAK = YES;
				CLANG_WARN_BLOCK_CAPTURE_AUTORELEASING = YES;
				CLANG_WARN_BOOL_CONVERSION = YES;
				CLANG_WARN_COMMA = YES;
				CLANG_WARN_CONSTANT_CONVERSION = YES;
				CLANG_WARN_DEPRECATED_OBJC_IMPLEMENTATIONS = YES;
				CLANG_WARN_DIRECT_OBJC_ISA_USAGE = YES_ERROR;
				CLANG_WARN_DOCUMENTATION_COMMENTS = YES;
				CLANG_WARN_EMPTY_BODY = YES;
				CLANG_WARN_ENUM_CONVERSION = YES;
				CLANG_WARN_INFINITE_RECURSION = YES;
				CLANG_WARN_INT_CONVERSION = YES;
				CLANG_WARN_NON_LITERAL_NULL_CONVERSION = YES;
				CLANG_WARN_OBJC_IMPLICIT_RETAIN_SELF = YES;
				CLANG_WARN_OBJC_LITERAL_CONVERSION = YES;
				CLANG_WARN_OBJC_ROOT_CLASS = YES_ERROR;
				CLANG_WARN_QUOTED_INCLUDE_IN_FRAMEWORK_HEADER = YES;
				CLANG_WARN_RANGE_LOOP_ANALYSIS = YES;
				CLANG_WARN_STRICT_PROTOTYPES = YES;
				CLANG_WARN_SUSPICIOUS_MOVE = YES;
				CLANG_WARN_UNGUARDED_AVAILABILITY = YES_AGGRESSIVE;
				CLANG_WARN_UNREACHABLE_CODE = YES;
				CLANG_WARN__DUPLICATE_METHOD_MATCH = YES;
				COPY_PHASE_STRIP = NO;
				DEBUG_INFORMATION_FORMAT = dwarf;
				ENABLE_STRICT_OBJC_MSGSEND = YES;
				ENABLE_TESTABILITY = YES;
				ENABLE_USER_SCRIPT_SANDBOXING = YES;
				GCC_C_LANGUAGE_STANDARD = gnu17;
				GCC_DYNAMIC_NO_PIC = NO;
				GCC_NO_COMMON_BLOCKS = YES;
				GCC_OPTIMIZATION_LEVEL = 0;
				GCC_PREPROCESSOR_DEFINITIONS = (
					"DEBUG=1",
					"$(inherited)",
				);
				GCC_WARN_64_TO_32_BIT_CONVERSION = YES;
				GCC_WARN_ABOUT_RETURN_TYPE = YES_ERROR;
				GCC_WARN_UNDECLARED_SELECTOR = YES;
				GCC_WARN_UNINITIALIZED_AUTOS = YES_AGGRESSIVE;
				GCC_WARN_UNUSED_FUNCTION = YES;
				GCC_WARN_UNUSED_VARIABLE = YES;
				LOCALIZATION_PREFERS_STRING_CATALOGS = YES;
				MTL_ENABLE_DEBUG_INFO = INCLUDE_SOURCE;
				MTL_FAST_MATH = YES;
				ONLY_ACTIVE_ARCH = YES;
				SWIFT_ACTIVE_COMPILATION_CONDITIONS = "DEBUG $(inherited)";
				SWIFT_OPTIMIZATION_LEVEL = "-Onone";
			};
			name = Debug;
		};
		5FE291F32B8E00D30023298C /* Release */ = {
			isa = XCBuildConfiguration;
			buildSettings = {
				ALWAYS_SEARCH_USER_PATHS = NO;
				ASSETCATALOG_COMPILER_GENERATE_SWIFT_ASSET_SYMBOL_EXTENSIONS = YES;
				CLANG_ANALYZER_NONNULL = YES;
				CLANG_ANALYZER_NUMBER_OBJECT_CONVERSION = YES_AGGRESSIVE;
				CLANG_CXX_LANGUAGE_STANDARD = "gnu++20";
				CLANG_ENABLE_MODULES = YES;
				CLANG_ENABLE_OBJC_ARC = YES;
				CLANG_ENABLE_OBJC_WEAK = YES;
				CLANG_WARN_BLOCK_CAPTURE_AUTORELEASING = YES;
				CLANG_WARN_BOOL_CONVERSION = YES;
				CLANG_WARN_COMMA = YES;
				CLANG_WARN_CONSTANT_CONVERSION = YES;
				CLANG_WARN_DEPRECATED_OBJC_IMPLEMENTATIONS = YES;
				CLANG_WARN_DIRECT_OBJC_ISA_USAGE = YES_ERROR;
				CLANG_WARN_DOCUMENTATION_COMMENTS = YES;
				CLANG_WARN_EMPTY_BODY = YES;
				CLANG_WARN_ENUM_CONVERSION = YES;
				CLANG_WARN_INFINITE_RECURSION = YES;
				CLANG_WARN_INT_CONVERSION = YES;
				CLANG_WARN_NON_LITERAL_NULL_CONVERSION = YES;
				CLANG_WARN_OBJC_IMPLICIT_RETAIN_SELF = YES;
				CLANG_WARN_OBJC_LITERAL_CONVERSION = YES;
				CLANG_WARN_OBJC_ROOT_CLASS = YES_ERROR;
				CLANG_WARN_QUOTED_INCLUDE_IN_FRAMEWORK_HEADER = YES;
				CLANG_WARN_RANGE_LOOP_ANALYSIS = YES;
				CLANG_WARN_STRICT_PROTOTYPES = YES;
				CLANG_WARN_SUSPICIOUS_MOVE = YES;
				CLANG_WARN_UNGUARDED_AVAILABILITY = YES_AGGRESSIVE;
				CLANG_WARN_UNREACHABLE_CODE = YES;
				CLANG_WARN__DUPLICATE_METHOD_MATCH = YES;
				COPY_PHASE_STRIP = NO;
				DEBUG_INFORMATION_FORMAT = "dwarf-with-dsym";
				ENABLE_NS_ASSERTIONS = NO;
				ENABLE_STRICT_OBJC_MSGSEND = YES;
				ENABLE_USER_SCRIPT_SANDBOXING = YES;
				GCC_C_LANGUAGE_STANDARD = gnu17;
				GCC_NO_COMMON_BLOCKS = YES;
				GCC_WARN_64_TO_32_BIT_CONVERSION = YES;
				GCC_WARN_ABOUT_RETURN_TYPE = YES_ERROR;
				GCC_WARN_UNDECLARED_SELECTOR = YES;
				GCC_WARN_UNINITIALIZED_AUTOS = YES_AGGRESSIVE;
				GCC_WARN_UNUSED_FUNCTION = YES;
				GCC_WARN_UNUSED_VARIABLE = YES;
				LOCALIZATION_PREFERS_STRING_CATALOGS = YES;
				MTL_ENABLE_DEBUG_INFO = NO;
				MTL_FAST_MATH = YES;
				SWIFT_COMPILATION_MODE = wholemodule;
			};
			name = Release;
		};
		5FE291F52B8E00D30023298C /* Debug */ = {
			isa = XCBuildConfiguration;
			buildSettings = {
				ASSETCATALOG_COMPILER_APPICON_NAME = AppIcon;
				ASSETCATALOG_COMPILER_GLOBAL_ACCENT_COLOR_NAME = AccentColor;
				CODE_SIGN_ENTITLEMENTS = TEMP/TEMP.entitlements;
				CODE_SIGN_STYLE = Automatic;
				CURRENT_PROJECT_VERSION = 1;
				DEVELOPMENT_ASSET_PATHS = "\"TEMP/Preview Content\"";
				DEVELOPMENT_TEAM = 692DKPAHHM;
				ENABLE_HARDENED_RUNTIME = YES;
				ENABLE_PREVIEWS = YES;
				GENERATE_INFOPLIST_FILE = YES;
				"INFOPLIST_KEY_UIApplicationSceneManifest_Generation[sdk=iphoneos*]" = YES;
				"INFOPLIST_KEY_UIApplicationSceneManifest_Generation[sdk=iphonesimulator*]" = YES;
				"INFOPLIST_KEY_UIApplicationSupportsIndirectInputEvents[sdk=iphoneos*]" = YES;
				"INFOPLIST_KEY_UIApplicationSupportsIndirectInputEvents[sdk=iphonesimulator*]" = YES;
				"INFOPLIST_KEY_UILaunchScreen_Generation[sdk=iphoneos*]" = YES;
				"INFOPLIST_KEY_UILaunchScreen_Generation[sdk=iphonesimulator*]" = YES;
				"INFOPLIST_KEY_UIStatusBarStyle[sdk=iphoneos*]" = UIStatusBarStyleDefault;
				"INFOPLIST_KEY_UIStatusBarStyle[sdk=iphonesimulator*]" = UIStatusBarStyleDefault;
				INFOPLIST_KEY_UISupportedInterfaceOrientations_iPad = "UIInterfaceOrientationPortrait UIInterfaceOrientationPortraitUpsideDown UIInterfaceOrientationLandscapeLeft UIInterfaceOrientationLandscapeRight";
				INFOPLIST_KEY_UISupportedInterfaceOrientations_iPhone = "UIInterfaceOrientationPortrait UIInterfaceOrientationLandscapeLeft UIInterfaceOrientationLandscapeRight";
				IPHONEOS_DEPLOYMENT_TARGET = 17.2;
				LD_RUNPATH_SEARCH_PATHS = "@executable_path/Frameworks";
				"LD_RUNPATH_SEARCH_PATHS[sdk=macosx*]" = "@executable_path/../Frameworks";
				MACOSX_DEPLOYMENT_TARGET = 14.2;
				MARKETING_VERSION = 1.0;
				PRODUCT_BUNDLE_IDENTIFIER = com.flapper.TEMP;
				PRODUCT_NAME = "$(TARGET_NAME)";
				SDKROOT = auto;
				SUPPORTED_PLATFORMS = "iphoneos iphonesimulator macosx";
				SWIFT_EMIT_LOC_STRINGS = YES;
				SWIFT_VERSION = 5.0;
				TARGETED_DEVICE_FAMILY = "1,2";
			};
			name = Debug;
		};
		5FE291F62B8E00D30023298C /* Release */ = {
			isa = XCBuildConfiguration;
			buildSettings = {
				ASSETCATALOG_COMPILER_APPICON_NAME = AppIcon;
				ASSETCATALOG_COMPILER_GLOBAL_ACCENT_COLOR_NAME = AccentColor;
				CODE_SIGN_ENTITLEMENTS = TEMP/TEMP.entitlements;
				CODE_SIGN_STYLE = Automatic;
				CURRENT_PROJECT_VERSION = 1;
				DEVELOPMENT_ASSET_PATHS = "\"TEMP/Preview Content\"";
				DEVELOPMENT_TEAM = 692DKPAHHM;
				ENABLE_HARDENED_RUNTIME = YES;
				ENABLE_PREVIEWS = YES;
				GENERATE_INFOPLIST_FILE = YES;
				"INFOPLIST_KEY_UIApplicationSceneManifest_Generation[sdk=iphoneos*]" = YES;
				"INFOPLIST_KEY_UIApplicationSceneManifest_Generation[sdk=iphonesimulator*]" = YES;
				"INFOPLIST_KEY_UIApplicationSupportsIndirectInputEvents[sdk=iphoneos*]" = YES;
				"INFOPLIST_KEY_UIApplicationSupportsIndirectInputEvents[sdk=iphonesimulator*]" = YES;
				"INFOPLIST_KEY_UILaunchScreen_Generation[sdk=iphoneos*]" = YES;
				"INFOPLIST_KEY_UILaunchScreen_Generation[sdk=iphonesimulator*]" = YES;
				"INFOPLIST_KEY_UIStatusBarStyle[sdk=iphoneos*]" = UIStatusBarStyleDefault;
				"INFOPLIST_KEY_UIStatusBarStyle[sdk=iphonesimulator*]" = UIStatusBarStyleDefault;
				INFOPLIST_KEY_UISupportedInterfaceOrientations_iPad = "UIInterfaceOrientationPortrait UIInterfaceOrientationPortraitUpsideDown UIInterfaceOrientationLandscapeLeft UIInterfaceOrientationLandscapeRight";
				INFOPLIST_KEY_UISupportedInterfaceOrientations_iPhone = "UIInterfaceOrientationPortrait UIInterfaceOrientationLandscapeLeft UIInterfaceOrientationLandscapeRight";
				IPHONEOS_DEPLOYMENT_TARGET = 17.2;
				LD_RUNPATH_SEARCH_PATHS = "@executable_path/Frameworks";
				"LD_RUNPATH_SEARCH_PATHS[sdk=macosx*]" = "@executable_path/../Frameworks";
				MACOSX_DEPLOYMENT_TARGET = 14.2;
				MARKETING_VERSION = 1.0;
				PRODUCT_BUNDLE_IDENTIFIER = com.flapper.TEMP;
				PRODUCT_NAME = "$(TARGET_NAME)";
				SDKROOT = auto;
				SUPPORTED_PLATFORMS = "iphoneos iphonesimulator macosx";
				SWIFT_EMIT_LOC_STRINGS = YES;
				SWIFT_VERSION = 5.0;
				TARGETED_DEVICE_FAMILY = "1,2";
			};
			name = Release;
		};
/* End XCBuildConfiguration section */

/* Begin XCConfigurationList section */
		5FE291E02B8E00D20023298C /* Build configuration list for PBXProject "TEMP" */ = {
			isa = XCConfigurationList;
			buildConfigurations = (
				5FE291F22B8E00D30023298C /* Debug */,
				5FE291F32B8E00D30023298C /* Release */,
			);
			defaultConfigurationIsVisible = 0;
			defaultConfigurationName = Release;
		};
		5FE291F42B8E00D30023298C /* Build configuration list for PBXNativeTarget "TEMP" */ = {
			isa = XCConfigurationList;
			buildConfigurations = (
				5FE291F52B8E00D30023298C /* Debug */,
				5FE291F62B8E00D30023298C /* Release */,
			);
			defaultConfigurationIsVisible = 0;
			defaultConfigurationName = Release;
		};
/* End XCConfigurationList section */

/* Begin XCRemoteSwiftPackageReference section */
		5FC9F01C2B9043FC00C5BBF1 /* XCRemoteSwiftPackageReference "FlapperLayout" */ = {
			isa = XCRemoteSwiftPackageReference;
			repositoryURL = "https://github.com/Flapper-Kor/FlapperLayout.git";
			requirement = {
				kind = upToNextMajorVersion;
				minimumVersion = 0.0.12;
			};
		};
		5FC9F01F2B91989E00C5BBF1 /* XCRemoteSwiftPackageReference "swift-collections" */ = {
			isa = XCRemoteSwiftPackageReference;
			repositoryURL = "https://github.com/apple/swift-collections.git";
			requirement = {
				kind = upToNextMajorVersion;
				minimumVersion = 1.1.0;
			};
		};
/* End XCRemoteSwiftPackageReference section */

/* Begin XCSwiftPackageProductDependency section */
		5FC9F01D2B9043FD00C5BBF1 /* FlapperLayout */ = {
			isa = XCSwiftPackageProductDependency;
			package = 5FC9F01C2B9043FC00C5BBF1 /* XCRemoteSwiftPackageReference "FlapperLayout" */;
			productName = FlapperLayout;
		};
		5FC9F0202B91989E00C5BBF1 /* BitCollections */ = {
			isa = XCSwiftPackageProductDependency;
			package = 5FC9F01F2B91989E00C5BBF1 /* XCRemoteSwiftPackageReference "swift-collections" */;
			productName = BitCollections;
		};
		5FC9F0222B91989E00C5BBF1 /* Collections */ = {
			isa = XCSwiftPackageProductDependency;
			package = 5FC9F01F2B91989E00C5BBF1 /* XCRemoteSwiftPackageReference "swift-collections" */;
			productName = Collections;
		};
		5FC9F0242B91989E00C5BBF1 /* DequeModule */ = {
			isa = XCSwiftPackageProductDependency;
			package = 5FC9F01F2B91989E00C5BBF1 /* XCRemoteSwiftPackageReference "swift-collections" */;
			productName = DequeModule;
		};
		5FC9F0262B91989E00C5BBF1 /* HashTreeCollections */ = {
			isa = XCSwiftPackageProductDependency;
			package = 5FC9F01F2B91989E00C5BBF1 /* XCRemoteSwiftPackageReference "swift-collections" */;
			productName = HashTreeCollections;
		};
		5FC9F0282B91989E00C5BBF1 /* HeapModule */ = {
			isa = XCSwiftPackageProductDependency;
			package = 5FC9F01F2B91989E00C5BBF1 /* XCRemoteSwiftPackageReference "swift-collections" */;
			productName = HeapModule;
		};
		5FC9F02A2B91989E00C5BBF1 /* OrderedCollections */ = {
			isa = XCSwiftPackageProductDependency;
			package = 5FC9F01F2B91989E00C5BBF1 /* XCRemoteSwiftPackageReference "swift-collections" */;
			productName = OrderedCollections;
		};
		5FC9F02C2B91989E00C5BBF1 /* _RopeModule */ = {
			isa = XCSwiftPackageProductDependency;
			package = 5FC9F01F2B91989E00C5BBF1 /* XCRemoteSwiftPackageReference "swift-collections" */;
			productName = _RopeModule;
		};
/* End XCSwiftPackageProductDependency section */
	};
	rootObject = 5FE291DD2B8E00D20023298C /* Project object */;
}
