// !$*UTF8*$!
{
	archiveVersion = 1;
	classes = {
	};
	objectVersion = 56;
	objects = {

/* Begin PBXBuildFile section */
		1B4413112A77973500225F5D /* Images__shapes__and_mediaApp.swift in Sources */ = {isa = PBXBuildFile; fileRef = 1B4413102A77973500225F5D /* Images__shapes__and_mediaApp.swift */; };
		1B4413132A77973500225F5D /* ContentView.swift in Sources */ = {isa = PBXBuildFile; fileRef = 1B4413122A77973500225F5D /* ContentView.swift */; };
		1B4413152A77973500225F5D /* Assets.xcassets in Resources */ = {isa = PBXBuildFile; fileRef = 1B4413142A77973500225F5D /* Assets.xcassets */; };
		1B4413182A77973500225F5D /* Preview Assets.xcassets in Resources */ = {isa = PBXBuildFile; fileRef = 1B4413172A77973500225F5D /* Preview Assets.xcassets */; };
		1B4413202A77981900225F5D /* DrawUsingImageView.swift in Sources */ = {isa = PBXBuildFile; fileRef = 1B44131F2A77981900225F5D /* DrawUsingImageView.swift */; };
		1B4413222A779B3200225F5D /* ScaledImage.swift in Sources */ = {isa = PBXBuildFile; fileRef = 1B4413212A779B3200225F5D /* ScaledImage.swift */; };
		1B8D09D22A799E5400FC5C2E /* UsingSprite.swift in Sources */ = {isa = PBXBuildFile; fileRef = 1B8D09D12A799E5400FC5C2E /* UsingSprite.swift */; };
		1B9A496B2A78DE6C00DDD5EC /* UsingTrim.swift in Sources */ = {isa = PBXBuildFile; fileRef = 1B9A496A2A78DE6C00DDD5EC /* UsingTrim.swift */; };
		1B9A49762A78F26200DDD5EC /* Slash 프로필(배경제거).png in Resources */ = {isa = PBXBuildFile; fileRef = 1B9A49752A78F26200DDD5EC /* Slash 프로필(배경제거).png */; };
		1B9A49782A78F5ED00DDD5EC /* Slash 프로필.jpg in Resources */ = {isa = PBXBuildFile; fileRef = 1B9A49772A78F5ED00DDD5EC /* Slash 프로필.jpg */; };
		1B9B2A7F2A791B1500668587 /* UsingAppBundle.swift in Sources */ = {isa = PBXBuildFile; fileRef = 1B9B2A7E2A791B1500668587 /* UsingAppBundle.swift */; };
		1B9C6EA02A78D9E0004BA922 /* UsingContainerRelativeShape.swift in Sources */ = {isa = PBXBuildFile; fileRef = 1B9C6E9F2A78D9E0004BA922 /* UsingContainerRelativeShape.swift */; };
		1B9C6EA42A78DBCE004BA922 /* UsingVideoPlayer.swift in Sources */ = {isa = PBXBuildFile; fileRef = 1B9C6EA32A78DBCE004BA922 /* UsingVideoPlayer.swift */; };
		1BE4402E2A77E4E7001B3974 /* BackgroundImage.swift in Sources */ = {isa = PBXBuildFile; fileRef = 1BE4402D2A77E4E7001B3974 /* BackgroundImage.swift */; };
		1BE440302A780115001B3974 /* SolidShapes.swift in Sources */ = {isa = PBXBuildFile; fileRef = 1BE4402F2A780115001B3974 /* SolidShapes.swift */; };
		1BE440322A780180001B3974 /* FillAndStrokeShapes.swift in Sources */ = {isa = PBXBuildFile; fileRef = 1BE440312A780180001B3974 /* FillAndStrokeShapes.swift */; };
		1BEED3512A79A9F7002FA87D /* LoadRemoteImage.swift in Sources */ = {isa = PBXBuildFile; fileRef = 1BEED3502A79A9F7002FA87D /* LoadRemoteImage.swift */; };
		1BEED3532A79AC4D002FA87D /* CustomizeSFSymbol.swift in Sources */ = {isa = PBXBuildFile; fileRef = 1BEED3522A79AC4D002FA87D /* CustomizeSFSymbol.swift */; };
		1BEED3552A79ACF7002FA87D /* DynamicSFSymbol.swift in Sources */ = {isa = PBXBuildFile; fileRef = 1BEED3542A79ACF7002FA87D /* DynamicSFSymbol.swift */; };
		1BEED3592A79B68B002FA87D /* VideosUsingPhotosPicker.swift in Sources */ = {isa = PBXBuildFile; fileRef = 1BEED3582A79B68B002FA87D /* VideosUsingPhotosPicker.swift */; };
		1BEED35B2A79B6E3002FA87D /* PicturesUsingPhotosPicker.swift in Sources */ = {isa = PBXBuildFile; fileRef = 1BEED35A2A79B6E3002FA87D /* PicturesUsingPhotosPicker.swift */; };
		1BF8AC842A77D24E00124857 /* TileImage.swift in Sources */ = {isa = PBXBuildFile; fileRef = 1BF8AC832A77D24E00124857 /* TileImage.swift */; };
		1BF8AC862A77D78000124857 /* SFSymbol.swift in Sources */ = {isa = PBXBuildFile; fileRef = 1BF8AC852A77D78000124857 /* SFSymbol.swift */; };
		1BF8AC8A2A77D8F200124857 /* UsingGradient.swift in Sources */ = {isa = PBXBuildFile; fileRef = 1BF8AC892A77D8F200124857 /* UsingGradient.swift */; };
		1BFBDE532A7A3ACA0056ECAA /* AnimateSFSymbol.swift in Sources */ = {isa = PBXBuildFile; fileRef = 1BFBDE522A7A3ACA0056ECAA /* AnimateSFSymbol.swift */; };
		5FC04D032B7648A50051A305 /* TextExtension.swift in Sources */ = {isa = PBXBuildFile; fileRef = 5FC04D022B7648A50051A305 /* TextExtension.swift */; };
		5FC04D202B76616B0051A305 /* GetRGBFromColor.swift in Sources */ = {isa = PBXBuildFile; fileRef = 5FC04D1F2B76616B0051A305 /* GetRGBFromColor.swift */; };
		5FF3881C2B8702A4008FCAF0 /* FlapperLayout in Frameworks */ = {isa = PBXBuildFile; productRef = 5FF3881B2B8702A4008FCAF0 /* FlapperLayout */; };
/* End PBXBuildFile section */

/* Begin PBXFileReference section */
		1B44130D2A77973500225F5D /* Images, shapes, and media.app */ = {isa = PBXFileReference; explicitFileType = wrapper.application; includeInIndex = 0; path = "Images, shapes, and media.app"; sourceTree = BUILT_PRODUCTS_DIR; };
		1B4413102A77973500225F5D /* Images__shapes__and_mediaApp.swift */ = {isa = PBXFileReference; lastKnownFileType = sourcecode.swift; path = Images__shapes__and_mediaApp.swift; sourceTree = "<group>"; };
		1B4413122A77973500225F5D /* ContentView.swift */ = {isa = PBXFileReference; lastKnownFileType = sourcecode.swift; path = ContentView.swift; sourceTree = "<group>"; };
		1B4413142A77973500225F5D /* Assets.xcassets */ = {isa = PBXFileReference; lastKnownFileType = folder.assetcatalog; path = Assets.xcassets; sourceTree = "<group>"; };
		1B4413172A77973500225F5D /* Preview Assets.xcassets */ = {isa = PBXFileReference; lastKnownFileType = folder.assetcatalog; path = "Preview Assets.xcassets"; sourceTree = "<group>"; };
		1B44131F2A77981900225F5D /* DrawUsingImageView.swift */ = {isa = PBXFileReference; lastKnownFileType = sourcecode.swift; path = DrawUsingImageView.swift; sourceTree = "<group>"; };
		1B4413212A779B3200225F5D /* ScaledImage.swift */ = {isa = PBXFileReference; lastKnownFileType = sourcecode.swift; path = ScaledImage.swift; sourceTree = "<group>"; };
		1B8D09D12A799E5400FC5C2E /* UsingSprite.swift */ = {isa = PBXFileReference; lastKnownFileType = sourcecode.swift; path = UsingSprite.swift; sourceTree = "<group>"; };
		1B9A496A2A78DE6C00DDD5EC /* UsingTrim.swift */ = {isa = PBXFileReference; lastKnownFileType = sourcecode.swift; path = UsingTrim.swift; sourceTree = "<group>"; };
		1B9A49752A78F26200DDD5EC /* Slash 프로필(배경제거).png */ = {isa = PBXFileReference; lastKnownFileType = image.png; path = "Slash 프로필(배경제거).png"; sourceTree = "<group>"; };
		1B9A49772A78F5ED00DDD5EC /* Slash 프로필.jpg */ = {isa = PBXFileReference; lastKnownFileType = image.jpeg; path = "Slash 프로필.jpg"; sourceTree = "<group>"; };
		1B9B2A7E2A791B1500668587 /* UsingAppBundle.swift */ = {isa = PBXFileReference; lastKnownFileType = sourcecode.swift; path = UsingAppBundle.swift; sourceTree = "<group>"; };
		1B9C6E9F2A78D9E0004BA922 /* UsingContainerRelativeShape.swift */ = {isa = PBXFileReference; lastKnownFileType = sourcecode.swift; path = UsingContainerRelativeShape.swift; sourceTree = "<group>"; };
		1B9C6EA32A78DBCE004BA922 /* UsingVideoPlayer.swift */ = {isa = PBXFileReference; lastKnownFileType = sourcecode.swift; path = UsingVideoPlayer.swift; sourceTree = "<group>"; };
		1BE4402D2A77E4E7001B3974 /* BackgroundImage.swift */ = {isa = PBXFileReference; lastKnownFileType = sourcecode.swift; path = BackgroundImage.swift; sourceTree = "<group>"; };
		1BE4402F2A780115001B3974 /* SolidShapes.swift */ = {isa = PBXFileReference; lastKnownFileType = sourcecode.swift; path = SolidShapes.swift; sourceTree = "<group>"; };
		1BE440312A780180001B3974 /* FillAndStrokeShapes.swift */ = {isa = PBXFileReference; lastKnownFileType = sourcecode.swift; path = FillAndStrokeShapes.swift; sourceTree = "<group>"; };
		1BEED3502A79A9F7002FA87D /* LoadRemoteImage.swift */ = {isa = PBXFileReference; lastKnownFileType = sourcecode.swift; path = LoadRemoteImage.swift; sourceTree = "<group>"; };
		1BEED3522A79AC4D002FA87D /* CustomizeSFSymbol.swift */ = {isa = PBXFileReference; lastKnownFileType = sourcecode.swift; path = CustomizeSFSymbol.swift; sourceTree = "<group>"; };
		1BEED3542A79ACF7002FA87D /* DynamicSFSymbol.swift */ = {isa = PBXFileReference; lastKnownFileType = sourcecode.swift; path = DynamicSFSymbol.swift; sourceTree = "<group>"; };
		1BEED3582A79B68B002FA87D /* VideosUsingPhotosPicker.swift */ = {isa = PBXFileReference; lastKnownFileType = sourcecode.swift; path = VideosUsingPhotosPicker.swift; sourceTree = "<group>"; };
		1BEED35A2A79B6E3002FA87D /* PicturesUsingPhotosPicker.swift */ = {isa = PBXFileReference; lastKnownFileType = sourcecode.swift; path = PicturesUsingPhotosPicker.swift; sourceTree = "<group>"; };
		1BF8AC832A77D24E00124857 /* TileImage.swift */ = {isa = PBXFileReference; lastKnownFileType = sourcecode.swift; path = TileImage.swift; sourceTree = "<group>"; };
		1BF8AC852A77D78000124857 /* SFSymbol.swift */ = {isa = PBXFileReference; lastKnownFileType = sourcecode.swift; path = SFSymbol.swift; sourceTree = "<group>"; };
		1BF8AC892A77D8F200124857 /* UsingGradient.swift */ = {isa = PBXFileReference; lastKnownFileType = sourcecode.swift; path = UsingGradient.swift; sourceTree = "<group>"; };
		1BFBDE522A7A3ACA0056ECAA /* AnimateSFSymbol.swift */ = {isa = PBXFileReference; lastKnownFileType = sourcecode.swift; path = AnimateSFSymbol.swift; sourceTree = "<group>"; };
		5FC04D022B7648A50051A305 /* TextExtension.swift */ = {isa = PBXFileReference; lastKnownFileType = sourcecode.swift; path = TextExtension.swift; sourceTree = "<group>"; };
		5FC04D1F2B76616B0051A305 /* GetRGBFromColor.swift */ = {isa = PBXFileReference; lastKnownFileType = sourcecode.swift; path = GetRGBFromColor.swift; sourceTree = "<group>"; };
/* End PBXFileReference section */

/* Begin PBXFrameworksBuildPhase section */
		1B44130A2A77973500225F5D /* Frameworks */ = {
			isa = PBXFrameworksBuildPhase;
			buildActionMask = 2147483647;
			files = (
				5FF3881C2B8702A4008FCAF0 /* FlapperLayout in Frameworks */,
			);
			runOnlyForDeploymentPostprocessing = 0;
		};
/* End PBXFrameworksBuildPhase section */

/* Begin PBXGroup section */
		1B4413042A77973400225F5D = {
			isa = PBXGroup;
			children = (
				1B44130F2A77973500225F5D /* Images, shapes, and media */,
				1B44130E2A77973500225F5D /* Products */,
			);
			sourceTree = "<group>";
		};
		1B44130E2A77973500225F5D /* Products */ = {
			isa = PBXGroup;
			children = (
				1B44130D2A77973500225F5D /* Images, shapes, and media.app */,
			);
			name = Products;
			sourceTree = "<group>";
		};
		1B44130F2A77973500225F5D /* Images, shapes, and media */ = {
			isa = PBXGroup;
			children = (
				1B9A496C2A78EEAB00DDD5EC /* Picture */,
				1BE440332A780421001B3974 /* helper */,
				1B44131E2A77974300225F5D /* Examples */,
				1B4413102A77973500225F5D /* Images__shapes__and_mediaApp.swift */,
				1B4413122A77973500225F5D /* ContentView.swift */,
				1B4413142A77973500225F5D /* Assets.xcassets */,
				1B4413162A77973500225F5D /* Preview Content */,
			);
			path = "Images, shapes, and media";
			sourceTree = "<group>";
		};
		1B4413162A77973500225F5D /* Preview Content */ = {
			isa = PBXGroup;
			children = (
				1B4413172A77973500225F5D /* Preview Assets.xcassets */,
			);
			path = "Preview Content";
			sourceTree = "<group>";
		};
		1B44131E2A77974300225F5D /* Examples */ = {
			isa = PBXGroup;
			children = (
				1B44131F2A77981900225F5D /* DrawUsingImageView.swift */,
				1B4413212A779B3200225F5D /* ScaledImage.swift */,
				1BF8AC832A77D24E00124857 /* TileImage.swift */,
				1BF8AC852A77D78000124857 /* SFSymbol.swift */,
				1BF8AC892A77D8F200124857 /* UsingGradient.swift */,
				1BE4402D2A77E4E7001B3974 /* BackgroundImage.swift */,
				1BE4402F2A780115001B3974 /* SolidShapes.swift */,
				1BE440312A780180001B3974 /* FillAndStrokeShapes.swift */,
				1B9A496A2A78DE6C00DDD5EC /* UsingTrim.swift */,
				1B9C6E9F2A78D9E0004BA922 /* UsingContainerRelativeShape.swift */,
				1B9B2A7E2A791B1500668587 /* UsingAppBundle.swift */,
				1B9C6EA32A78DBCE004BA922 /* UsingVideoPlayer.swift */,
				1B8D09D12A799E5400FC5C2E /* UsingSprite.swift */,
				1BEED3502A79A9F7002FA87D /* LoadRemoteImage.swift */,
				1BEED3522A79AC4D002FA87D /* CustomizeSFSymbol.swift */,
				1BEED3542A79ACF7002FA87D /* DynamicSFSymbol.swift */,
				1BEED35A2A79B6E3002FA87D /* PicturesUsingPhotosPicker.swift */,
				1BEED3582A79B68B002FA87D /* VideosUsingPhotosPicker.swift */,
				1BFBDE522A7A3ACA0056ECAA /* AnimateSFSymbol.swift */,
				5FC04D1F2B76616B0051A305 /* GetRGBFromColor.swift */,
			);
			path = Examples;
			sourceTree = "<group>";
		};
		1B9A496C2A78EEAB00DDD5EC /* Picture */ = {
			isa = PBXGroup;
			children = (
				1B9A49772A78F5ED00DDD5EC /* Slash 프로필.jpg */,
				1B9A49752A78F26200DDD5EC /* Slash 프로필(배경제거).png */,
			);
			path = Picture;
			sourceTree = "<group>";
		};
		1BE440332A780421001B3974 /* helper */ = {
			isa = PBXGroup;
			children = (
				5FC04D022B7648A50051A305 /* TextExtension.swift */,
			);
			path = helper;
			sourceTree = "<group>";
		};
/* End PBXGroup section */

/* Begin PBXNativeTarget section */
		1B44130C2A77973500225F5D /* Images, shapes, and media */ = {
			isa = PBXNativeTarget;
			buildConfigurationList = 1B44131B2A77973500225F5D /* Build configuration list for PBXNativeTarget "Images, shapes, and media" */;
			buildPhases = (
				1B4413092A77973500225F5D /* Sources */,
				1B44130A2A77973500225F5D /* Frameworks */,
				1B44130B2A77973500225F5D /* Resources */,
			);
			buildRules = (
			);
			dependencies = (
			);
			name = "Images, shapes, and media";
			packageProductDependencies = (
				5FF3881B2B8702A4008FCAF0 /* FlapperLayout */,
			);
			productName = "Images, shapes, and media";
			productReference = 1B44130D2A77973500225F5D /* Images, shapes, and media.app */;
			productType = "com.apple.product-type.application";
		};
/* End PBXNativeTarget section */

/* Begin PBXProject section */
		1B4413052A77973400225F5D /* Project object */ = {
			isa = PBXProject;
			attributes = {
				BuildIndependentTargetsInParallel = YES;
				LastSwiftUpdateCheck = 1430;
				LastUpgradeCheck = 1520;
				TargetAttributes = {
					1B44130C2A77973500225F5D = {
						CreatedOnToolsVersion = 14.3.1;
					};
				};
			};
			buildConfigurationList = 1B4413082A77973400225F5D /* Build configuration list for PBXProject "Images, shapes, and media" */;
			compatibilityVersion = "Xcode 14.0";
			developmentRegion = en;
			hasScannedForEncodings = 0;
			knownRegions = (
				en,
				Base,
			);
			mainGroup = 1B4413042A77973400225F5D;
			packageReferences = (
				5FF3881A2B8702A4008FCAF0 /* XCRemoteSwiftPackageReference "FlapperLayout" */,
			);
			productRefGroup = 1B44130E2A77973500225F5D /* Products */;
			projectDirPath = "";
			projectRoot = "";
			targets = (
				1B44130C2A77973500225F5D /* Images, shapes, and media */,
			);
		};
/* End PBXProject section */

/* Begin PBXResourcesBuildPhase section */
		1B44130B2A77973500225F5D /* Resources */ = {
			isa = PBXResourcesBuildPhase;
			buildActionMask = 2147483647;
			files = (
				1B4413182A77973500225F5D /* Preview Assets.xcassets in Resources */,
				1B9A49762A78F26200DDD5EC /* Slash 프로필(배경제거).png in Resources */,
				1B9A49782A78F5ED00DDD5EC /* Slash 프로필.jpg in Resources */,
				1B4413152A77973500225F5D /* Assets.xcassets in Resources */,
			);
			runOnlyForDeploymentPostprocessing = 0;
		};
/* End PBXResourcesBuildPhase section */

/* Begin PBXSourcesBuildPhase section */
		1B4413092A77973500225F5D /* Sources */ = {
			isa = PBXSourcesBuildPhase;
			buildActionMask = 2147483647;
			files = (
				1BEED3532A79AC4D002FA87D /* CustomizeSFSymbol.swift in Sources */,
				5FC04D202B76616B0051A305 /* GetRGBFromColor.swift in Sources */,
				1B9B2A7F2A791B1500668587 /* UsingAppBundle.swift in Sources */,
				1BF8AC842A77D24E00124857 /* TileImage.swift in Sources */,
				1B4413132A77973500225F5D /* ContentView.swift in Sources */,
				1B9A496B2A78DE6C00DDD5EC /* UsingTrim.swift in Sources */,
				1B8D09D22A799E5400FC5C2E /* UsingSprite.swift in Sources */,
				1BEED3512A79A9F7002FA87D /* LoadRemoteImage.swift in Sources */,
				1BFBDE532A7A3ACA0056ECAA /* AnimateSFSymbol.swift in Sources */,
				1BF8AC8A2A77D8F200124857 /* UsingGradient.swift in Sources */,
				1BE4402E2A77E4E7001B3974 /* BackgroundImage.swift in Sources */,
				1BF8AC862A77D78000124857 /* SFSymbol.swift in Sources */,
				1B4413202A77981900225F5D /* DrawUsingImageView.swift in Sources */,
				1B4413112A77973500225F5D /* Images__shapes__and_mediaApp.swift in Sources */,
				1B4413222A779B3200225F5D /* ScaledImage.swift in Sources */,
				1BE440322A780180001B3974 /* FillAndStrokeShapes.swift in Sources */,
				1B9C6EA42A78DBCE004BA922 /* UsingVideoPlayer.swift in Sources */,
				1BEED3552A79ACF7002FA87D /* DynamicSFSymbol.swift in Sources */,
				1B9C6EA02A78D9E0004BA922 /* UsingContainerRelativeShape.swift in Sources */,
				1BE440302A780115001B3974 /* SolidShapes.swift in Sources */,
				1BEED3592A79B68B002FA87D /* VideosUsingPhotosPicker.swift in Sources */,
				5FC04D032B7648A50051A305 /* TextExtension.swift in Sources */,
				1BEED35B2A79B6E3002FA87D /* PicturesUsingPhotosPicker.swift in Sources */,
			);
			runOnlyForDeploymentPostprocessing = 0;
		};
/* End PBXSourcesBuildPhase section */

/* Begin XCBuildConfiguration section */
		1B4413192A77973500225F5D /* Debug */ = {
			isa = XCBuildConfiguration;
			buildSettings = {
				ALWAYS_SEARCH_USER_PATHS = NO;
				CLANG_ANALYZER_NONNULL = YES;
				CLANG_ANALYZER_NUMBER_OBJECT_CONVERSION = YES_AGGRESSIVE;
				CLANG_CXX_LANGUAGE_STANDARD = "gnu++20";
				CLANG_ENABLE_MODULES = YES;
				CLANG_ENABLE_OBJC_ARC = YES;
				CLANG_ENABLE_OBJC_WEAK = YES;
				CLANG_WARN_BLOCK_CAPTURE_AUTORELEASING = YES;
				CLANG_WARN_BOOL_CONVERSION = YES;
				CLANG_WARN_COMMA = YES;
				CLANG_WARN_CONSTANT_CONVERSION = YES;
				CLANG_WARN_DEPRECATED_OBJC_IMPLEMENTATIONS = YES;
				CLANG_WARN_DIRECT_OBJC_ISA_USAGE = YES_ERROR;
				CLANG_WARN_DOCUMENTATION_COMMENTS = YES;
				CLANG_WARN_EMPTY_BODY = YES;
				CLANG_WARN_ENUM_CONVERSION = YES;
				CLANG_WARN_INFINITE_RECURSION = YES;
				CLANG_WARN_INT_CONVERSION = YES;
				CLANG_WARN_NON_LITERAL_NULL_CONVERSION = YES;
				CLANG_WARN_OBJC_IMPLICIT_RETAIN_SELF = YES;
				CLANG_WARN_OBJC_LITERAL_CONVERSION = YES;
				CLANG_WARN_OBJC_ROOT_CLASS = YES_ERROR;
				CLANG_WARN_QUOTED_INCLUDE_IN_FRAMEWORK_HEADER = YES;
				CLANG_WARN_RANGE_LOOP_ANALYSIS = YES;
				CLANG_WARN_STRICT_PROTOTYPES = YES;
				CLANG_WARN_SUSPICIOUS_MOVE = YES;
				CLANG_WARN_UNGUARDED_AVAILABILITY = YES_AGGRESSIVE;
				CLANG_WARN_UNREACHABLE_CODE = YES;
				CLANG_WARN__DUPLICATE_METHOD_MATCH = YES;
				COPY_PHASE_STRIP = NO;
				DEBUG_INFORMATION_FORMAT = dwarf;
				ENABLE_STRICT_OBJC_MSGSEND = YES;
				ENABLE_TESTABILITY = YES;
				GCC_C_LANGUAGE_STANDARD = gnu11;
				GCC_DYNAMIC_NO_PIC = NO;
				GCC_NO_COMMON_BLOCKS = YES;
				GCC_OPTIMIZATION_LEVEL = 0;
				GCC_PREPROCESSOR_DEFINITIONS = (
					"DEBUG=1",
					"$(inherited)",
				);
				GCC_WARN_64_TO_32_BIT_CONVERSION = YES;
				GCC_WARN_ABOUT_RETURN_TYPE = YES_ERROR;
				GCC_WARN_UNDECLARED_SELECTOR = YES;
				GCC_WARN_UNINITIALIZED_AUTOS = YES_AGGRESSIVE;
				GCC_WARN_UNUSED_FUNCTION = YES;
				GCC_WARN_UNUSED_VARIABLE = YES;
				IPHONEOS_DEPLOYMENT_TARGET = 17.2;
				MTL_ENABLE_DEBUG_INFO = INCLUDE_SOURCE;
				MTL_FAST_MATH = YES;
				ONLY_ACTIVE_ARCH = YES;
				SDKROOT = iphoneos;
				SWIFT_ACTIVE_COMPILATION_CONDITIONS = DEBUG;
				SWIFT_OPTIMIZATION_LEVEL = "-Onone";
			};
			name = Debug;
		};
		1B44131A2A77973500225F5D /* Release */ = {
			isa = XCBuildConfiguration;
			buildSettings = {
				ALWAYS_SEARCH_USER_PATHS = NO;
				CLANG_ANALYZER_NONNULL = YES;
				CLANG_ANALYZER_NUMBER_OBJECT_CONVERSION = YES_AGGRESSIVE;
				CLANG_CXX_LANGUAGE_STANDARD = "gnu++20";
				CLANG_ENABLE_MODULES = YES;
				CLANG_ENABLE_OBJC_ARC = YES;
				CLANG_ENABLE_OBJC_WEAK = YES;
				CLANG_WARN_BLOCK_CAPTURE_AUTORELEASING = YES;
				CLANG_WARN_BOOL_CONVERSION = YES;
				CLANG_WARN_COMMA = YES;
				CLANG_WARN_CONSTANT_CONVERSION = YES;
				CLANG_WARN_DEPRECATED_OBJC_IMPLEMENTATIONS = YES;
				CLANG_WARN_DIRECT_OBJC_ISA_USAGE = YES_ERROR;
				CLANG_WARN_DOCUMENTATION_COMMENTS = YES;
				CLANG_WARN_EMPTY_BODY = YES;
				CLANG_WARN_ENUM_CONVERSION = YES;
				CLANG_WARN_INFINITE_RECURSION = YES;
				CLANG_WARN_INT_CONVERSION = YES;
				CLANG_WARN_NON_LITERAL_NULL_CONVERSION = YES;
				CLANG_WARN_OBJC_IMPLICIT_RETAIN_SELF = YES;
				CLANG_WARN_OBJC_LITERAL_CONVERSION = YES;
				CLANG_WARN_OBJC_ROOT_CLASS = YES_ERROR;
				CLANG_WARN_QUOTED_INCLUDE_IN_FRAMEWORK_HEADER = YES;
				CLANG_WARN_RANGE_LOOP_ANALYSIS = YES;
				CLANG_WARN_STRICT_PROTOTYPES = YES;
				CLANG_WARN_SUSPICIOUS_MOVE = YES;
				CLANG_WARN_UNGUARDED_AVAILABILITY = YES_AGGRESSIVE;
				CLANG_WARN_UNREACHABLE_CODE = YES;
				CLANG_WARN__DUPLICATE_METHOD_MATCH = YES;
				COPY_PHASE_STRIP = NO;
				DEBUG_INFORMATION_FORMAT = "dwarf-with-dsym";
				ENABLE_NS_ASSERTIONS = NO;
				ENABLE_STRICT_OBJC_MSGSEND = YES;
				GCC_C_LANGUAGE_STANDARD = gnu11;
				GCC_NO_COMMON_BLOCKS = YES;
				GCC_WARN_64_TO_32_BIT_CONVERSION = YES;
				GCC_WARN_ABOUT_RETURN_TYPE = YES_ERROR;
				GCC_WARN_UNDECLARED_SELECTOR = YES;
				GCC_WARN_UNINITIALIZED_AUTOS = YES_AGGRESSIVE;
				GCC_WARN_UNUSED_FUNCTION = YES;
				GCC_WARN_UNUSED_VARIABLE = YES;
				IPHONEOS_DEPLOYMENT_TARGET = 17.2;
				MTL_ENABLE_DEBUG_INFO = NO;
				MTL_FAST_MATH = YES;
				SDKROOT = iphoneos;
				SWIFT_COMPILATION_MODE = wholemodule;
				SWIFT_OPTIMIZATION_LEVEL = "-O";
				VALIDATE_PRODUCT = YES;
			};
			name = Release;
		};
		1B44131C2A77973500225F5D /* Debug */ = {
			isa = XCBuildConfiguration;
			buildSettings = {
				ASSETCATALOG_COMPILER_APPICON_NAME = AppIcon;
				ASSETCATALOG_COMPILER_GLOBAL_ACCENT_COLOR_NAME = AccentColor;
				CODE_SIGN_STYLE = Automatic;
				CURRENT_PROJECT_VERSION = 1;
				DEVELOPMENT_ASSET_PATHS = "\"Images, shapes, and media/Preview Content\"";
				DEVELOPMENT_TEAM = 529C69ULU2;
				ENABLE_PREVIEWS = YES;
				GENERATE_INFOPLIST_FILE = YES;
				INFOPLIST_KEY_UIApplicationSceneManifest_Generation = YES;
				INFOPLIST_KEY_UIApplicationSupportsIndirectInputEvents = YES;
				INFOPLIST_KEY_UILaunchScreen_Generation = YES;
				INFOPLIST_KEY_UISupportedInterfaceOrientations_iPad = "UIInterfaceOrientationPortrait UIInterfaceOrientationPortraitUpsideDown UIInterfaceOrientationLandscapeLeft UIInterfaceOrientationLandscapeRight";
				INFOPLIST_KEY_UISupportedInterfaceOrientations_iPhone = "UIInterfaceOrientationPortrait UIInterfaceOrientationLandscapeLeft UIInterfaceOrientationLandscapeRight";
				IPHONEOS_DEPLOYMENT_TARGET = 16.0;
				LD_RUNPATH_SEARCH_PATHS = (
					"$(inherited)",
					"@executable_path/Frameworks",
				);
				MARKETING_VERSION = 1.0;
				PRODUCT_BUNDLE_IDENTIFIER = "com.flappers.Images--shapes--and-media";
				PRODUCT_NAME = "$(TARGET_NAME)";
				SWIFT_EMIT_LOC_STRINGS = YES;
				SWIFT_VERSION = 5.0;
				TARGETED_DEVICE_FAMILY = "1,2";
			};
			name = Debug;
		};
		1B44131D2A77973500225F5D /* Release */ = {
			isa = XCBuildConfiguration;
			buildSettings = {
				ASSETCATALOG_COMPILER_APPICON_NAME = AppIcon;
				ASSETCATALOG_COMPILER_GLOBAL_ACCENT_COLOR_NAME = AccentColor;
				CODE_SIGN_STYLE = Automatic;
				CURRENT_PROJECT_VERSION = 1;
				DEVELOPMENT_ASSET_PATHS = "\"Images, shapes, and media/Preview Content\"";
				DEVELOPMENT_TEAM = 529C69ULU2;
				ENABLE_PREVIEWS = YES;
				GENERATE_INFOPLIST_FILE = YES;
				INFOPLIST_KEY_UIApplicationSceneManifest_Generation = YES;
				INFOPLIST_KEY_UIApplicationSupportsIndirectInputEvents = YES;
				INFOPLIST_KEY_UILaunchScreen_Generation = YES;
				INFOPLIST_KEY_UISupportedInterfaceOrientations_iPad = "UIInterfaceOrientationPortrait UIInterfaceOrientationPortraitUpsideDown UIInterfaceOrientationLandscapeLeft UIInterfaceOrientationLandscapeRight";
				INFOPLIST_KEY_UISupportedInterfaceOrientations_iPhone = "UIInterfaceOrientationPortrait UIInterfaceOrientationLandscapeLeft UIInterfaceOrientationLandscapeRight";
				IPHONEOS_DEPLOYMENT_TARGET = 16.0;
				LD_RUNPATH_SEARCH_PATHS = (
					"$(inherited)",
					"@executable_path/Frameworks",
				);
				MARKETING_VERSION = 1.0;
				PRODUCT_BUNDLE_IDENTIFIER = "com.flappers.Images--shapes--and-media";
				PRODUCT_NAME = "$(TARGET_NAME)";
				SWIFT_EMIT_LOC_STRINGS = YES;
				SWIFT_VERSION = 5.0;
				TARGETED_DEVICE_FAMILY = "1,2";
			};
			name = Release;
		};
/* End XCBuildConfiguration section */

/* Begin XCConfigurationList section */
		1B4413082A77973400225F5D /* Build configuration list for PBXProject "Images, shapes, and media" */ = {
			isa = XCConfigurationList;
			buildConfigurations = (
				1B4413192A77973500225F5D /* Debug */,
				1B44131A2A77973500225F5D /* Release */,
			);
			defaultConfigurationIsVisible = 0;
			defaultConfigurationName = Release;
		};
		1B44131B2A77973500225F5D /* Build configuration list for PBXNativeTarget "Images, shapes, and media" */ = {
			isa = XCConfigurationList;
			buildConfigurations = (
				1B44131C2A77973500225F5D /* Debug */,
				1B44131D2A77973500225F5D /* Release */,
			);
			defaultConfigurationIsVisible = 0;
			defaultConfigurationName = Release;
		};
/* End XCConfigurationList section */

/* Begin XCRemoteSwiftPackageReference section */
		5FF3881A2B8702A4008FCAF0 /* XCRemoteSwiftPackageReference "FlapperLayout" */ = {
			isa = XCRemoteSwiftPackageReference;
			repositoryURL = "https://github.com/Flapper-Kor/FlapperLayout.git";
			requirement = {
				kind = upToNextMajorVersion;
				minimumVersion = 0.0.4;
			};
		};
/* End XCRemoteSwiftPackageReference section */

/* Begin XCSwiftPackageProductDependency section */
		5FF3881B2B8702A4008FCAF0 /* FlapperLayout */ = {
			isa = XCSwiftPackageProductDependency;
			package = 5FF3881A2B8702A4008FCAF0 /* XCRemoteSwiftPackageReference "FlapperLayout" */;
			productName = FlapperLayout;
		};
/* End XCSwiftPackageProductDependency section */
	};
	rootObject = 1B4413052A77973400225F5D /* Project object */;
}
