// !$*UTF8*$!
{
	archiveVersion = 1;
	classes = {
	};
	objectVersion = 56;
	objects = {

/* Begin PBXBuildFile section */
		1B8DBBE82A5AA35300BEDA07 /* Composing_ViewsApp.swift in Sources */ = {isa = PBXBuildFile; fileRef = 1B8DBBE72A5AA35300BEDA07 /* Composing_ViewsApp.swift */; };
		1B8DBBEA2A5AA35300BEDA07 /* ContentView.swift in Sources */ = {isa = PBXBuildFile; fileRef = 1B8DBBE92A5AA35300BEDA07 /* ContentView.swift */; };
		1B8DBBEC2A5AA35400BEDA07 /* Assets.xcassets in Resources */ = {isa = PBXBuildFile; fileRef = 1B8DBBEB2A5AA35400BEDA07 /* Assets.xcassets */; };
		1B8DBBEF2A5AA35400BEDA07 /* Preview Assets.xcassets in Resources */ = {isa = PBXBuildFile; fileRef = 1B8DBBEE2A5AA35400BEDA07 /* Preview Assets.xcassets */; };
		1B8DBBF72A5AA42000BEDA07 /* Create.swift in Sources */ = {isa = PBXBuildFile; fileRef = 1B8DBBF62A5AA42000BEDA07 /* Create.swift */; };
		1B8DBBF92A5AA68000BEDA07 /* CombineTextViews.swift in Sources */ = {isa = PBXBuildFile; fileRef = 1B8DBBF82A5AA68000BEDA07 /* CombineTextViews.swift */; };
		1B8DBBFB2A5AAA3000BEDA07 /* StoreViewAsProperty.swift in Sources */ = {isa = PBXBuildFile; fileRef = 1B8DBBFA2A5AAA3000BEDA07 /* StoreViewAsProperty.swift */; };
		1B8DBBFD2A5AAB7200BEDA07 /* CustomModifier.swift in Sources */ = {isa = PBXBuildFile; fileRef = 1B8DBBFC2A5AAB7200BEDA07 /* CustomModifier.swift */; };
		1BF73B9B2A5D474800290002 /* WrappingUIView.swift in Sources */ = {isa = PBXBuildFile; fileRef = 1BF73B9A2A5D474800290002 /* WrappingUIView.swift */; };
		1BF73B9D2A5D529300290002 /* ModifierForUIViewRepresentable.swift in Sources */ = {isa = PBXBuildFile; fileRef = 1BF73B9C2A5D529300290002 /* ModifierForUIViewRepresentable.swift */; };
		1BF73B9F2A5D549700290002 /* InsertImageIntoText.swift in Sources */ = {isa = PBXBuildFile; fileRef = 1BF73B9E2A5D549700290002 /* InsertImageIntoText.swift */; };
		5FE8960E2B8F1F3F007EB6AA /* FlapperLayout in Frameworks */ = {isa = PBXBuildFile; productRef = 5FE8960D2B8F1F3F007EB6AA /* FlapperLayout */; };
/* End PBXBuildFile section */

/* Begin PBXFileReference section */
		1B8DBBE42A5AA35300BEDA07 /* Composing Views.app */ = {isa = PBXFileReference; explicitFileType = wrapper.application; includeInIndex = 0; path = "Composing Views.app"; sourceTree = BUILT_PRODUCTS_DIR; };
		1B8DBBE72A5AA35300BEDA07 /* Composing_ViewsApp.swift */ = {isa = PBXFileReference; lastKnownFileType = sourcecode.swift; path = Composing_ViewsApp.swift; sourceTree = "<group>"; };
		1B8DBBE92A5AA35300BEDA07 /* ContentView.swift */ = {isa = PBXFileReference; lastKnownFileType = sourcecode.swift; path = ContentView.swift; sourceTree = "<group>"; };
		1B8DBBEB2A5AA35400BEDA07 /* Assets.xcassets */ = {isa = PBXFileReference; lastKnownFileType = folder.assetcatalog; path = Assets.xcassets; sourceTree = "<group>"; };
		1B8DBBEE2A5AA35400BEDA07 /* Preview Assets.xcassets */ = {isa = PBXFileReference; lastKnownFileType = folder.assetcatalog; path = "Preview Assets.xcassets"; sourceTree = "<group>"; };
		1B8DBBF62A5AA42000BEDA07 /* Create.swift */ = {isa = PBXFileReference; lastKnownFileType = sourcecode.swift; path = Create.swift; sourceTree = "<group>"; };
		1B8DBBF82A5AA68000BEDA07 /* CombineTextViews.swift */ = {isa = PBXFileReference; lastKnownFileType = sourcecode.swift; path = CombineTextViews.swift; sourceTree = "<group>"; };
		1B8DBBFA2A5AAA3000BEDA07 /* StoreViewAsProperty.swift */ = {isa = PBXFileReference; lastKnownFileType = sourcecode.swift; path = StoreViewAsProperty.swift; sourceTree = "<group>"; };
		1B8DBBFC2A5AAB7200BEDA07 /* CustomModifier.swift */ = {isa = PBXFileReference; lastKnownFileType = sourcecode.swift; path = CustomModifier.swift; sourceTree = "<group>"; };
		1BF73B9A2A5D474800290002 /* WrappingUIView.swift */ = {isa = PBXFileReference; lastKnownFileType = sourcecode.swift; path = WrappingUIView.swift; sourceTree = "<group>"; };
		1BF73B9C2A5D529300290002 /* ModifierForUIViewRepresentable.swift */ = {isa = PBXFileReference; lastKnownFileType = sourcecode.swift; path = ModifierForUIViewRepresentable.swift; sourceTree = "<group>"; };
		1BF73B9E2A5D549700290002 /* InsertImageIntoText.swift */ = {isa = PBXFileReference; lastKnownFileType = sourcecode.swift; path = InsertImageIntoText.swift; sourceTree = "<group>"; };
/* End PBXFileReference section */

/* Begin PBXFrameworksBuildPhase section */
		1B8DBBE12A5AA35300BEDA07 /* Frameworks */ = {
			isa = PBXFrameworksBuildPhase;
			buildActionMask = 2147483647;
			files = (
				5FE8960E2B8F1F3F007EB6AA /* FlapperLayout in Frameworks */,
			);
			runOnlyForDeploymentPostprocessing = 0;
		};
/* End PBXFrameworksBuildPhase section */

/* Begin PBXGroup section */
		1B8DBBDB2A5AA35300BEDA07 = {
			isa = PBXGroup;
			children = (
				1B8DBBE62A5AA35300BEDA07 /* Composing Views */,
				1B8DBBE52A5AA35300BEDA07 /* Products */,
			);
			sourceTree = "<group>";
		};
		1B8DBBE52A5AA35300BEDA07 /* Products */ = {
			isa = PBXGroup;
			children = (
				1B8DBBE42A5AA35300BEDA07 /* Composing Views.app */,
			);
			name = Products;
			sourceTree = "<group>";
		};
		1B8DBBE62A5AA35300BEDA07 /* Composing Views */ = {
			isa = PBXGroup;
			children = (
				1B8DBBE92A5AA35300BEDA07 /* ContentView.swift */,
				1B8DBBF52A5AA3FC00BEDA07 /* Examples */,
				1B8DBBE72A5AA35300BEDA07 /* Composing_ViewsApp.swift */,
				1B8DBBEB2A5AA35400BEDA07 /* Assets.xcassets */,
				1B8DBBED2A5AA35400BEDA07 /* Preview Content */,
			);
			path = "Composing Views";
			sourceTree = "<group>";
		};
		1B8DBBED2A5AA35400BEDA07 /* Preview Content */ = {
			isa = PBXGroup;
			children = (
				1B8DBBEE2A5AA35400BEDA07 /* Preview Assets.xcassets */,
			);
			path = "Preview Content";
			sourceTree = "<group>";
		};
		1B8DBBF52A5AA3FC00BEDA07 /* Examples */ = {
			isa = PBXGroup;
			children = (
				1B8DBBF62A5AA42000BEDA07 /* Create.swift */,
				1B8DBBF82A5AA68000BEDA07 /* CombineTextViews.swift */,
				1B8DBBFA2A5AAA3000BEDA07 /* StoreViewAsProperty.swift */,
				1B8DBBFC2A5AAB7200BEDA07 /* CustomModifier.swift */,
				1BF73B9A2A5D474800290002 /* WrappingUIView.swift */,
				1BF73B9C2A5D529300290002 /* ModifierForUIViewRepresentable.swift */,
				1BF73B9E2A5D549700290002 /* InsertImageIntoText.swift */,
			);
			path = Examples;
			sourceTree = "<group>";
		};
/* End PBXGroup section */

/* Begin PBXNativeTarget section */
		1B8DBBE32A5AA35300BEDA07 /* Composing Views */ = {
			isa = PBXNativeTarget;
			buildConfigurationList = 1B8DBBF22A5AA35400BEDA07 /* Build configuration list for PBXNativeTarget "Composing Views" */;
			buildPhases = (
				1B8DBBE02A5AA35300BEDA07 /* Sources */,
				1B8DBBE12A5AA35300BEDA07 /* Frameworks */,
				1B8DBBE22A5AA35300BEDA07 /* Resources */,
			);
			buildRules = (
			);
			dependencies = (
			);
			name = "Composing Views";
			packageProductDependencies = (
				5FE8960D2B8F1F3F007EB6AA /* FlapperLayout */,
			);
			productName = "Composing Views";
			productReference = 1B8DBBE42A5AA35300BEDA07 /* Composing Views.app */;
			productType = "com.apple.product-type.application";
		};
/* End PBXNativeTarget section */

/* Begin PBXProject section */
		1B8DBBDC2A5AA35300BEDA07 /* Project object */ = {
			isa = PBXProject;
			attributes = {
				BuildIndependentTargetsInParallel = 1;
				LastSwiftUpdateCheck = 1430;
				LastUpgradeCheck = 1430;
				TargetAttributes = {
					1B8DBBE32A5AA35300BEDA07 = {
						CreatedOnToolsVersion = 14.3.1;
					};
				};
			};
			buildConfigurationList = 1B8DBBDF2A5AA35300BEDA07 /* Build configuration list for PBXProject "Composing Views" */;
			compatibilityVersion = "Xcode 14.0";
			developmentRegion = en;
			hasScannedForEncodings = 0;
			knownRegions = (
				en,
				Base,
			);
			mainGroup = 1B8DBBDB2A5AA35300BEDA07;
			packageReferences = (
				5FE8960C2B8F1F3F007EB6AA /* XCRemoteSwiftPackageReference "FlapperLayout" */,
			);
			productRefGroup = 1B8DBBE52A5AA35300BEDA07 /* Products */;
			projectDirPath = "";
			projectRoot = "";
			targets = (
				1B8DBBE32A5AA35300BEDA07 /* Composing Views */,
			);
		};
/* End PBXProject section */

/* Begin PBXResourcesBuildPhase section */
		1B8DBBE22A5AA35300BEDA07 /* Resources */ = {
			isa = PBXResourcesBuildPhase;
			buildActionMask = 2147483647;
			files = (
				1B8DBBEF2A5AA35400BEDA07 /* Preview Assets.xcassets in Resources */,
				1B8DBBEC2A5AA35400BEDA07 /* Assets.xcassets in Resources */,
			);
			runOnlyForDeploymentPostprocessing = 0;
		};
/* End PBXResourcesBuildPhase section */

/* Begin PBXSourcesBuildPhase section */
		1B8DBBE02A5AA35300BEDA07 /* Sources */ = {
			isa = PBXSourcesBuildPhase;
			buildActionMask = 2147483647;
			files = (
				1B8DBBFB2A5AAA3000BEDA07 /* StoreViewAsProperty.swift in Sources */,
				1B8DBBF72A5AA42000BEDA07 /* Create.swift in Sources */,
				1BF73B9D2A5D529300290002 /* ModifierForUIViewRepresentable.swift in Sources */,
				1B8DBBF92A5AA68000BEDA07 /* CombineTextViews.swift in Sources */,
				1B8DBBEA2A5AA35300BEDA07 /* ContentView.swift in Sources */,
				1B8DBBE82A5AA35300BEDA07 /* Composing_ViewsApp.swift in Sources */,
				1BF73B9F2A5D549700290002 /* InsertImageIntoText.swift in Sources */,
				1B8DBBFD2A5AAB7200BEDA07 /* CustomModifier.swift in Sources */,
				1BF73B9B2A5D474800290002 /* WrappingUIView.swift in Sources */,
			);
			runOnlyForDeploymentPostprocessing = 0;
		};
/* End PBXSourcesBuildPhase section */

/* Begin XCBuildConfiguration section */
		1B8DBBF02A5AA35400BEDA07 /* Debug */ = {
			isa = XCBuildConfiguration;
			buildSettings = {
				ALWAYS_SEARCH_USER_PATHS = NO;
				CLANG_ANALYZER_NONNULL = YES;
				CLANG_ANALYZER_NUMBER_OBJECT_CONVERSION = YES_AGGRESSIVE;
				CLANG_CXX_LANGUAGE_STANDARD = "gnu++20";
				CLANG_ENABLE_MODULES = YES;
				CLANG_ENABLE_OBJC_ARC = YES;
				CLANG_ENABLE_OBJC_WEAK = YES;
				CLANG_WARN_BLOCK_CAPTURE_AUTORELEASING = YES;
				CLANG_WARN_BOOL_CONVERSION = YES;
				CLANG_WARN_COMMA = YES;
				CLANG_WARN_CONSTANT_CONVERSION = YES;
				CLANG_WARN_DEPRECATED_OBJC_IMPLEMENTATIONS = YES;
				CLANG_WARN_DIRECT_OBJC_ISA_USAGE = YES_ERROR;
				CLANG_WARN_DOCUMENTATION_COMMENTS = YES;
				CLANG_WARN_EMPTY_BODY = YES;
				CLANG_WARN_ENUM_CONVERSION = YES;
				CLANG_WARN_INFINITE_RECURSION = YES;
				CLANG_WARN_INT_CONVERSION = YES;
				CLANG_WARN_NON_LITERAL_NULL_CONVERSION = YES;
				CLANG_WARN_OBJC_IMPLICIT_RETAIN_SELF = YES;
				CLANG_WARN_OBJC_LITERAL_CONVERSION = YES;
				CLANG_WARN_OBJC_ROOT_CLASS = YES_ERROR;
				CLANG_WARN_QUOTED_INCLUDE_IN_FRAMEWORK_HEADER = YES;
				CLANG_WARN_RANGE_LOOP_ANALYSIS = YES;
				CLANG_WARN_STRICT_PROTOTYPES = YES;
				CLANG_WARN_SUSPICIOUS_MOVE = YES;
				CLANG_WARN_UNGUARDED_AVAILABILITY = YES_AGGRESSIVE;
				CLANG_WARN_UNREACHABLE_CODE = YES;
				CLANG_WARN__DUPLICATE_METHOD_MATCH = YES;
				COPY_PHASE_STRIP = NO;
				DEBUG_INFORMATION_FORMAT = dwarf;
				ENABLE_STRICT_OBJC_MSGSEND = YES;
				ENABLE_TESTABILITY = YES;
				GCC_C_LANGUAGE_STANDARD = gnu11;
				GCC_DYNAMIC_NO_PIC = NO;
				GCC_NO_COMMON_BLOCKS = YES;
				GCC_OPTIMIZATION_LEVEL = 0;
				GCC_PREPROCESSOR_DEFINITIONS = (
					"DEBUG=1",
					"$(inherited)",
				);
				GCC_WARN_64_TO_32_BIT_CONVERSION = YES;
				GCC_WARN_ABOUT_RETURN_TYPE = YES_ERROR;
				GCC_WARN_UNDECLARED_SELECTOR = YES;
				GCC_WARN_UNINITIALIZED_AUTOS = YES_AGGRESSIVE;
				GCC_WARN_UNUSED_FUNCTION = YES;
				GCC_WARN_UNUSED_VARIABLE = YES;
				IPHONEOS_DEPLOYMENT_TARGET = 16.4;
				MTL_ENABLE_DEBUG_INFO = INCLUDE_SOURCE;
				MTL_FAST_MATH = YES;
				ONLY_ACTIVE_ARCH = YES;
				SDKROOT = iphoneos;
				SWIFT_ACTIVE_COMPILATION_CONDITIONS = DEBUG;
				SWIFT_OPTIMIZATION_LEVEL = "-Onone";
			};
			name = Debug;
		};
		1B8DBBF12A5AA35400BEDA07 /* Release */ = {
			isa = XCBuildConfiguration;
			buildSettings = {
				ALWAYS_SEARCH_USER_PATHS = NO;
				CLANG_ANALYZER_NONNULL = YES;
				CLANG_ANALYZER_NUMBER_OBJECT_CONVERSION = YES_AGGRESSIVE;
				CLANG_CXX_LANGUAGE_STANDARD = "gnu++20";
				CLANG_ENABLE_MODULES = YES;
				CLANG_ENABLE_OBJC_ARC = YES;
				CLANG_ENABLE_OBJC_WEAK = YES;
				CLANG_WARN_BLOCK_CAPTURE_AUTORELEASING = YES;
				CLANG_WARN_BOOL_CONVERSION = YES;
				CLANG_WARN_COMMA = YES;
				CLANG_WARN_CONSTANT_CONVERSION = YES;
				CLANG_WARN_DEPRECATED_OBJC_IMPLEMENTATIONS = YES;
				CLANG_WARN_DIRECT_OBJC_ISA_USAGE = YES_ERROR;
				CLANG_WARN_DOCUMENTATION_COMMENTS = YES;
				CLANG_WARN_EMPTY_BODY = YES;
				CLANG_WARN_ENUM_CONVERSION = YES;
				CLANG_WARN_INFINITE_RECURSION = YES;
				CLANG_WARN_INT_CONVERSION = YES;
				CLANG_WARN_NON_LITERAL_NULL_CONVERSION = YES;
				CLANG_WARN_OBJC_IMPLICIT_RETAIN_SELF = YES;
				CLANG_WARN_OBJC_LITERAL_CONVERSION = YES;
				CLANG_WARN_OBJC_ROOT_CLASS = YES_ERROR;
				CLANG_WARN_QUOTED_INCLUDE_IN_FRAMEWORK_HEADER = YES;
				CLANG_WARN_RANGE_LOOP_ANALYSIS = YES;
				CLANG_WARN_STRICT_PROTOTYPES = YES;
				CLANG_WARN_SUSPICIOUS_MOVE = YES;
				CLANG_WARN_UNGUARDED_AVAILABILITY = YES_AGGRESSIVE;
				CLANG_WARN_UNREACHABLE_CODE = YES;
				CLANG_WARN__DUPLICATE_METHOD_MATCH = YES;
				COPY_PHASE_STRIP = NO;
				DEBUG_INFORMATION_FORMAT = "dwarf-with-dsym";
				ENABLE_NS_ASSERTIONS = NO;
				ENABLE_STRICT_OBJC_MSGSEND = YES;
				GCC_C_LANGUAGE_STANDARD = gnu11;
				GCC_NO_COMMON_BLOCKS = YES;
				GCC_WARN_64_TO_32_BIT_CONVERSION = YES;
				GCC_WARN_ABOUT_RETURN_TYPE = YES_ERROR;
				GCC_WARN_UNDECLARED_SELECTOR = YES;
				GCC_WARN_UNINITIALIZED_AUTOS = YES_AGGRESSIVE;
				GCC_WARN_UNUSED_FUNCTION = YES;
				GCC_WARN_UNUSED_VARIABLE = YES;
				IPHONEOS_DEPLOYMENT_TARGET = 16.4;
				MTL_ENABLE_DEBUG_INFO = NO;
				MTL_FAST_MATH = YES;
				SDKROOT = iphoneos;
				SWIFT_COMPILATION_MODE = wholemodule;
				SWIFT_OPTIMIZATION_LEVEL = "-O";
				VALIDATE_PRODUCT = YES;
			};
			name = Release;
		};
		1B8DBBF32A5AA35400BEDA07 /* Debug */ = {
			isa = XCBuildConfiguration;
			buildSettings = {
				ASSETCATALOG_COMPILER_APPICON_NAME = AppIcon;
				ASSETCATALOG_COMPILER_GLOBAL_ACCENT_COLOR_NAME = AccentColor;
				CODE_SIGN_STYLE = Automatic;
				CURRENT_PROJECT_VERSION = 1;
				DEVELOPMENT_ASSET_PATHS = "\"Composing Views/Preview Content\"";
				DEVELOPMENT_TEAM = 529C69ULU2;
				ENABLE_PREVIEWS = YES;
				GENERATE_INFOPLIST_FILE = YES;
				INFOPLIST_KEY_UIApplicationSceneManifest_Generation = YES;
				INFOPLIST_KEY_UIApplicationSupportsIndirectInputEvents = YES;
				INFOPLIST_KEY_UILaunchScreen_Generation = YES;
				INFOPLIST_KEY_UISupportedInterfaceOrientations_iPad = "UIInterfaceOrientationPortrait UIInterfaceOrientationPortraitUpsideDown UIInterfaceOrientationLandscapeLeft UIInterfaceOrientationLandscapeRight";
				INFOPLIST_KEY_UISupportedInterfaceOrientations_iPhone = "UIInterfaceOrientationPortrait UIInterfaceOrientationLandscapeLeft UIInterfaceOrientationLandscapeRight";
				LD_RUNPATH_SEARCH_PATHS = (
					"$(inherited)",
					"@executable_path/Frameworks",
				);
				MARKETING_VERSION = 1.0;
				PRODUCT_BUNDLE_IDENTIFIER = "com.flappers.Composing-Views";
				PRODUCT_NAME = "$(TARGET_NAME)";
				SWIFT_EMIT_LOC_STRINGS = YES;
				SWIFT_VERSION = 5.0;
				TARGETED_DEVICE_FAMILY = "1,2";
			};
			name = Debug;
		};
		1B8DBBF42A5AA35400BEDA07 /* Release */ = {
			isa = XCBuildConfiguration;
			buildSettings = {
				ASSETCATALOG_COMPILER_APPICON_NAME = AppIcon;
				ASSETCATALOG_COMPILER_GLOBAL_ACCENT_COLOR_NAME = AccentColor;
				CODE_SIGN_STYLE = Automatic;
				CURRENT_PROJECT_VERSION = 1;
				DEVELOPMENT_ASSET_PATHS = "\"Composing Views/Preview Content\"";
				DEVELOPMENT_TEAM = 529C69ULU2;
				ENABLE_PREVIEWS = YES;
				GENERATE_INFOPLIST_FILE = YES;
				INFOPLIST_KEY_UIApplicationSceneManifest_Generation = YES;
				INFOPLIST_KEY_UIApplicationSupportsIndirectInputEvents = YES;
				INFOPLIST_KEY_UILaunchScreen_Generation = YES;
				INFOPLIST_KEY_UISupportedInterfaceOrientations_iPad = "UIInterfaceOrientationPortrait UIInterfaceOrientationPortraitUpsideDown UIInterfaceOrientationLandscapeLeft UIInterfaceOrientationLandscapeRight";
				INFOPLIST_KEY_UISupportedInterfaceOrientations_iPhone = "UIInterfaceOrientationPortrait UIInterfaceOrientationLandscapeLeft UIInterfaceOrientationLandscapeRight";
				LD_RUNPATH_SEARCH_PATHS = (
					"$(inherited)",
					"@executable_path/Frameworks",
				);
				MARKETING_VERSION = 1.0;
				PRODUCT_BUNDLE_IDENTIFIER = "com.flappers.Composing-Views";
				PRODUCT_NAME = "$(TARGET_NAME)";
				SWIFT_EMIT_LOC_STRINGS = YES;
				SWIFT_VERSION = 5.0;
				TARGETED_DEVICE_FAMILY = "1,2";
			};
			name = Release;
		};
/* End XCBuildConfiguration section */

/* Begin XCConfigurationList section */
		1B8DBBDF2A5AA35300BEDA07 /* Build configuration list for PBXProject "Composing Views" */ = {
			isa = XCConfigurationList;
			buildConfigurations = (
				1B8DBBF02A5AA35400BEDA07 /* Debug */,
				1B8DBBF12A5AA35400BEDA07 /* Release */,
			);
			defaultConfigurationIsVisible = 0;
			defaultConfigurationName = Release;
		};
		1B8DBBF22A5AA35400BEDA07 /* Build configuration list for PBXNativeTarget "Composing Views" */ = {
			isa = XCConfigurationList;
			buildConfigurations = (
				1B8DBBF32A5AA35400BEDA07 /* Debug */,
				1B8DBBF42A5AA35400BEDA07 /* Release */,
			);
			defaultConfigurationIsVisible = 0;
			defaultConfigurationName = Release;
		};
/* End XCConfigurationList section */

/* Begin XCRemoteSwiftPackageReference section */
		5FE8960C2B8F1F3F007EB6AA /* XCRemoteSwiftPackageReference "FlapperLayout" */ = {
			isa = XCRemoteSwiftPackageReference;
			repositoryURL = "https://github.com/Flapper-Kor/FlapperLayout.git";
			requirement = {
				kind = upToNextMajorVersion;
				minimumVersion = 0.0.12;
			};
		};
/* End XCRemoteSwiftPackageReference section */

/* Begin XCSwiftPackageProductDependency section */
		5FE8960D2B8F1F3F007EB6AA /* FlapperLayout */ = {
			isa = XCSwiftPackageProductDependency;
			package = 5FE8960C2B8F1F3F007EB6AA /* XCRemoteSwiftPackageReference "FlapperLayout" */;
			productName = FlapperLayout;
		};
/* End XCSwiftPackageProductDependency section */
	};
	rootObject = 1B8DBBDC2A5AA35300BEDA07 /* Project object */;
}
